// !$*UTF8*$!
{
	archiveVersion = 1;
	classes = {
	};
	objectVersion = 46;
	objects = {

/* Begin PBXBuildFile section */
		A5115EA4148A01C3001B4493 /* BTBaseModel.m in Sources */ = {isa = PBXBuildFile; fileRef = A5115EA3148A01C3001B4493 /* BTBaseModel.m */; };
		A5115EA8148A01F1001B4493 /* BTRequestableModel.m in Sources */ = {isa = PBXBuildFile; fileRef = A5115EA7148A01F1001B4493 /* BTRequestableModel.m */; };
		A5115EAB148A02DE001B4493 /* BTComment.m in Sources */ = {isa = PBXBuildFile; fileRef = A5115EAA148A02DE001B4493 /* BTComment.m */; };
		A5115EAE148A060F001B4493 /* BTGuestHeaven.m in Sources */ = {isa = PBXBuildFile; fileRef = A5115EAD148A060F001B4493 /* BTGuestHeaven.m */; };
		A5115EB1148A0644001B4493 /* BTGuestChatter.m in Sources */ = {isa = PBXBuildFile; fileRef = A5115EB0148A0644001B4493 /* BTGuestChatter.m */; };
		A5115EB4148A0656001B4493 /* BTGuestSpring.m in Sources */ = {isa = PBXBuildFile; fileRef = A5115EB3148A0656001B4493 /* BTGuestSpring.m */; };
		A5115EB7148A0668001B4493 /* BTGuestSummer.m in Sources */ = {isa = PBXBuildFile; fileRef = A5115EB6148A0668001B4493 /* BTGuestSummer.m */; };
		A5115EBA148A06B8001B4493 /* BTGuestHeavenComment.m in Sources */ = {isa = PBXBuildFile; fileRef = A5115EB9148A06B7001B4493 /* BTGuestHeavenComment.m */; };
		A5115EBD148A06C7001B4493 /* BTGuestChatterComment.m in Sources */ = {isa = PBXBuildFile; fileRef = A5115EBC148A06C7001B4493 /* BTGuestChatterComment.m */; };
		A5115EC0148A06DA001B4493 /* BTGuestSpringComment.m in Sources */ = {isa = PBXBuildFile; fileRef = A5115EBF148A06DA001B4493 /* BTGuestSpringComment.m */; };
		A5115EC3148A06EA001B4493 /* BTGuestSummerComment.m in Sources */ = {isa = PBXBuildFile; fileRef = A5115EC2148A06E9001B4493 /* BTGuestSummerComment.m */; };
		A5115EC8148CA7C3001B4493 /* BTRequester.m in Sources */ = {isa = PBXBuildFile; fileRef = A5115EC7148CA7C3001B4493 /* BTRequester.m */; };
		A5115EE2148CA80D001B4493 /* ASIAuthenticationDialog.m in Sources */ = {isa = PBXBuildFile; fileRef = A5115ECB148CA80D001B4493 /* ASIAuthenticationDialog.m */; };
		A5115EE3148CA80D001B4493 /* ASIDataCompressor.m in Sources */ = {isa = PBXBuildFile; fileRef = A5115ECE148CA80D001B4493 /* ASIDataCompressor.m */; };
		A5115EE4148CA80D001B4493 /* ASIDataDecompressor.m in Sources */ = {isa = PBXBuildFile; fileRef = A5115ED0148CA80D001B4493 /* ASIDataDecompressor.m */; };
		A5115EE5148CA80D001B4493 /* ASIDownloadCache.m in Sources */ = {isa = PBXBuildFile; fileRef = A5115ED2148CA80D001B4493 /* ASIDownloadCache.m */; };
		A5115EE6148CA80D001B4493 /* ASIFormDataRequest.m in Sources */ = {isa = PBXBuildFile; fileRef = A5115ED4148CA80D001B4493 /* ASIFormDataRequest.m */; };
		A5115EE7148CA80D001B4493 /* ASIHTTPRequest.m in Sources */ = {isa = PBXBuildFile; fileRef = A5115ED6148CA80D001B4493 /* ASIHTTPRequest.m */; };
		A5115EE8148CA80D001B4493 /* ASIHttpRequest_Extension.m in Sources */ = {isa = PBXBuildFile; fileRef = A5115ED8148CA80D001B4493 /* ASIHttpRequest_Extension.m */; };
		A5115EE9148CA80D001B4493 /* ASIInputStream.m in Sources */ = {isa = PBXBuildFile; fileRef = A5115EDC148CA80D001B4493 /* ASIInputStream.m */; };
		A5115EEA148CA80D001B4493 /* ASINetworkQueue.m in Sources */ = {isa = PBXBuildFile; fileRef = A5115EDE148CA80D001B4493 /* ASINetworkQueue.m */; };
		A5115EEB148CA80D001B4493 /* Reachability.m in Sources */ = {isa = PBXBuildFile; fileRef = A5115EE1148CA80D001B4493 /* Reachability.m */; };
		A534D00D1477344200881489 /* MainContentsViewController.m in Sources */ = {isa = PBXBuildFile; fileRef = A534D00B1477344200881489 /* MainContentsViewController.m */; };
		A534D00E1477344200881489 /* MainContentsViewController.xib in Resources */ = {isa = PBXBuildFile; fileRef = A534D00C1477344200881489 /* MainContentsViewController.xib */; };
		A566CA831476192400ACCD01 /* BoardListViewContoller.m in Sources */ = {isa = PBXBuildFile; fileRef = A566CA811476192300ACCD01 /* BoardListViewContoller.m */; };
		A566CA841476192400ACCD01 /* BoardListViewContoller.xib in Resources */ = {isa = PBXBuildFile; fileRef = A566CA821476192400ACCD01 /* BoardListViewContoller.xib */; };
		A57A251F146F15010091DE45 /* BestizParser.m in Sources */ = {isa = PBXBuildFile; fileRef = A57A251E146F15010091DE45 /* BestizParser.m */; };
		A593A01E147F2C4E007D68FD /* BTBoard.m in Sources */ = {isa = PBXBuildFile; fileRef = A593A01D147F2C4E007D68FD /* BTBoard.m */; };
		A59FDCC11472CB8900AA6F23 /* BaseViewController.m in Sources */ = {isa = PBXBuildFile; fileRef = A59FDCBF1472CB8900AA6F23 /* BaseViewController.m */; };
		A59FDCC61472D57900AA6F23 /* ListViewController.m in Sources */ = {isa = PBXBuildFile; fileRef = A59FDCC41472D57900AA6F23 /* ListViewController.m */; };
		A5DC87A614608A8000BA91A5 /* MainTableViewController.m in Sources */ = {isa = PBXBuildFile; fileRef = A5DC87A414608A8000BA91A5 /* MainTableViewController.m */; };
		A5DC87A714608A8000BA91A5 /* MainTableViewController.xib in Resources */ = {isa = PBXBuildFile; fileRef = A5DC87A514608A8000BA91A5 /* MainTableViewController.xib */; };
		A5DC87AA1460956700BA91A5 /* BoardIndex.m in Sources */ = {isa = PBXBuildFile; fileRef = A5DC87A91460956600BA91A5 /* BoardIndex.m */; };
		A5FBFCE7145EFBF500B45C7B /* UIKit.framework in Frameworks */ = {isa = PBXBuildFile; fileRef = A5FBFCE6145EFBF500B45C7B /* UIKit.framework */; };
		A5FBFCE9145EFBF500B45C7B /* Foundation.framework in Frameworks */ = {isa = PBXBuildFile; fileRef = A5FBFCE8145EFBF500B45C7B /* Foundation.framework */; };
		A5FBFCEB145EFBF500B45C7B /* CoreGraphics.framework in Frameworks */ = {isa = PBXBuildFile; fileRef = A5FBFCEA145EFBF500B45C7B /* CoreGraphics.framework */; };
		A5FBFCF1145EFBF500B45C7B /* InfoPlist.strings in Resources */ = {isa = PBXBuildFile; fileRef = A5FBFCEF145EFBF500B45C7B /* InfoPlist.strings */; };
		A5FBFCF3145EFBF500B45C7B /* main.m in Sources */ = {isa = PBXBuildFile; fileRef = A5FBFCF2145EFBF500B45C7B /* main.m */; };
		A5FBFCF7145EFBF500B45C7B /* AppDelegate.m in Sources */ = {isa = PBXBuildFile; fileRef = A5FBFCF6145EFBF500B45C7B /* AppDelegate.m */; };
		A5FBFCFA145EFBF500B45C7B /* MasterViewController.m in Sources */ = {isa = PBXBuildFile; fileRef = A5FBFCF9145EFBF500B45C7B /* MasterViewController.m */; };
		A5FBFCFD145EFBF500B45C7B /* DetailViewController.m in Sources */ = {isa = PBXBuildFile; fileRef = A5FBFCFC145EFBF500B45C7B /* DetailViewController.m */; };
		A5FBFD00145EFBF500B45C7B /* MasterViewController_iPhone.xib in Resources */ = {isa = PBXBuildFile; fileRef = A5FBFCFE145EFBF500B45C7B /* MasterViewController_iPhone.xib */; };
		A5FBFD03145EFBF500B45C7B /* MasterViewController_iPad.xib in Resources */ = {isa = PBXBuildFile; fileRef = A5FBFD01145EFBF500B45C7B /* MasterViewController_iPad.xib */; };
		A5FBFD06145EFBF500B45C7B /* DetailViewController_iPhone.xib in Resources */ = {isa = PBXBuildFile; fileRef = A5FBFD04145EFBF500B45C7B /* DetailViewController_iPhone.xib */; };
		A5FBFD09145EFBF500B45C7B /* DetailViewController_iPad.xib in Resources */ = {isa = PBXBuildFile; fileRef = A5FBFD07145EFBF500B45C7B /* DetailViewController_iPad.xib */; };
		A5FBFD14145EFC1C00B45C7B /* HTMLNode.m in Sources */ = {isa = PBXBuildFile; fileRef = A5FBFD11145EFC1C00B45C7B /* HTMLNode.m */; };
		A5FBFD15145EFC1C00B45C7B /* HTMLParser.m in Sources */ = {isa = PBXBuildFile; fileRef = A5FBFD13145EFC1C00B45C7B /* HTMLParser.m */; };
/* End PBXBuildFile section */

/* Begin PBXFileReference section */
		A5115EA2148A01C3001B4493 /* BTBaseModel.h */ = {isa = PBXFileReference; fileEncoding = 4; lastKnownFileType = sourcecode.c.h; path = BTBaseModel.h; sourceTree = "<group>"; };
		A5115EA3148A01C3001B4493 /* BTBaseModel.m */ = {isa = PBXFileReference; fileEncoding = 4; lastKnownFileType = sourcecode.c.objc; path = BTBaseModel.m; sourceTree = "<group>"; };
		A5115EA6148A01F0001B4493 /* BTRequestableModel.h */ = {isa = PBXFileReference; fileEncoding = 4; lastKnownFileType = sourcecode.c.h; path = BTRequestableModel.h; sourceTree = "<group>"; };
		A5115EA7148A01F1001B4493 /* BTRequestableModel.m */ = {isa = PBXFileReference; fileEncoding = 4; lastKnownFileType = sourcecode.c.objc; path = BTRequestableModel.m; sourceTree = "<group>"; };
		A5115EA9148A02DE001B4493 /* BTComment.h */ = {isa = PBXFileReference; fileEncoding = 4; lastKnownFileType = sourcecode.c.h; path = BTComment.h; sourceTree = "<group>"; };
		A5115EAA148A02DE001B4493 /* BTComment.m */ = {isa = PBXFileReference; fileEncoding = 4; lastKnownFileType = sourcecode.c.objc; path = BTComment.m; sourceTree = "<group>"; };
		A5115EAC148A060F001B4493 /* BTGuestHeaven.h */ = {isa = PBXFileReference; fileEncoding = 4; lastKnownFileType = sourcecode.c.h; path = BTGuestHeaven.h; sourceTree = "<group>"; };
		A5115EAD148A060F001B4493 /* BTGuestHeaven.m */ = {isa = PBXFileReference; fileEncoding = 4; lastKnownFileType = sourcecode.c.objc; path = BTGuestHeaven.m; sourceTree = "<group>"; };
		A5115EAF148A0644001B4493 /* BTGuestChatter.h */ = {isa = PBXFileReference; fileEncoding = 4; lastKnownFileType = sourcecode.c.h; path = BTGuestChatter.h; sourceTree = "<group>"; };
		A5115EB0148A0644001B4493 /* BTGuestChatter.m */ = {isa = PBXFileReference; fileEncoding = 4; lastKnownFileType = sourcecode.c.objc; path = BTGuestChatter.m; sourceTree = "<group>"; };
		A5115EB2148A0656001B4493 /* BTGuestSpring.h */ = {isa = PBXFileReference; fileEncoding = 4; lastKnownFileType = sourcecode.c.h; path = BTGuestSpring.h; sourceTree = "<group>"; };
		A5115EB3148A0656001B4493 /* BTGuestSpring.m */ = {isa = PBXFileReference; fileEncoding = 4; lastKnownFileType = sourcecode.c.objc; path = BTGuestSpring.m; sourceTree = "<group>"; };
		A5115EB5148A0667001B4493 /* BTGuestSummer.h */ = {isa = PBXFileReference; fileEncoding = 4; lastKnownFileType = sourcecode.c.h; path = BTGuestSummer.h; sourceTree = "<group>"; };
		A5115EB6148A0668001B4493 /* BTGuestSummer.m */ = {isa = PBXFileReference; fileEncoding = 4; lastKnownFileType = sourcecode.c.objc; path = BTGuestSummer.m; sourceTree = "<group>"; };
		A5115EB8148A06B7001B4493 /* BTGuestHeavenComment.h */ = {isa = PBXFileReference; fileEncoding = 4; lastKnownFileType = sourcecode.c.h; path = BTGuestHeavenComment.h; sourceTree = "<group>"; };
		A5115EB9148A06B7001B4493 /* BTGuestHeavenComment.m */ = {isa = PBXFileReference; fileEncoding = 4; lastKnownFileType = sourcecode.c.objc; path = BTGuestHeavenComment.m; sourceTree = "<group>"; };
		A5115EBB148A06C6001B4493 /* BTGuestChatterComment.h */ = {isa = PBXFileReference; fileEncoding = 4; lastKnownFileType = sourcecode.c.h; path = BTGuestChatterComment.h; sourceTree = "<group>"; };
		A5115EBC148A06C7001B4493 /* BTGuestChatterComment.m */ = {isa = PBXFileReference; fileEncoding = 4; lastKnownFileType = sourcecode.c.objc; path = BTGuestChatterComment.m; sourceTree = "<group>"; };
		A5115EBE148A06D9001B4493 /* BTGuestSpringComment.h */ = {isa = PBXFileReference; fileEncoding = 4; lastKnownFileType = sourcecode.c.h; path = BTGuestSpringComment.h; sourceTree = "<group>"; };
		A5115EBF148A06DA001B4493 /* BTGuestSpringComment.m */ = {isa = PBXFileReference; fileEncoding = 4; lastKnownFileType = sourcecode.c.objc; path = BTGuestSpringComment.m; sourceTree = "<group>"; };
		A5115EC1148A06E8001B4493 /* BTGuestSummerComment.h */ = {isa = PBXFileReference; fileEncoding = 4; lastKnownFileType = sourcecode.c.h; path = BTGuestSummerComment.h; sourceTree = "<group>"; };
		A5115EC2148A06E9001B4493 /* BTGuestSummerComment.m */ = {isa = PBXFileReference; fileEncoding = 4; lastKnownFileType = sourcecode.c.objc; path = BTGuestSummerComment.m; sourceTree = "<group>"; };
		A5115EC6148CA7C3001B4493 /* BTRequester.h */ = {isa = PBXFileReference; fileEncoding = 4; lastKnownFileType = sourcecode.c.h; path = BTRequester.h; sourceTree = "<group>"; };
		A5115EC7148CA7C3001B4493 /* BTRequester.m */ = {isa = PBXFileReference; fileEncoding = 4; lastKnownFileType = sourcecode.c.objc; path = BTRequester.m; sourceTree = "<group>"; };
		A5115ECA148CA80D001B4493 /* ASIAuthenticationDialog.h */ = {isa = PBXFileReference; fileEncoding = 4; lastKnownFileType = sourcecode.c.h; path = ASIAuthenticationDialog.h; sourceTree = "<group>"; };
		A5115ECB148CA80D001B4493 /* ASIAuthenticationDialog.m */ = {isa = PBXFileReference; fileEncoding = 4; lastKnownFileType = sourcecode.c.objc; path = ASIAuthenticationDialog.m; sourceTree = "<group>"; };
		A5115ECC148CA80D001B4493 /* ASICacheDelegate.h */ = {isa = PBXFileReference; fileEncoding = 4; lastKnownFileType = sourcecode.c.h; path = ASICacheDelegate.h; sourceTree = "<group>"; };
		A5115ECD148CA80D001B4493 /* ASIDataCompressor.h */ = {isa = PBXFileReference; fileEncoding = 4; lastKnownFileType = sourcecode.c.h; path = ASIDataCompressor.h; sourceTree = "<group>"; };
		A5115ECE148CA80D001B4493 /* ASIDataCompressor.m */ = {isa = PBXFileReference; fileEncoding = 4; lastKnownFileType = sourcecode.c.objc; path = ASIDataCompressor.m; sourceTree = "<group>"; };
		A5115ECF148CA80D001B4493 /* ASIDataDecompressor.h */ = {isa = PBXFileReference; fileEncoding = 4; lastKnownFileType = sourcecode.c.h; path = ASIDataDecompressor.h; sourceTree = "<group>"; };
		A5115ED0148CA80D001B4493 /* ASIDataDecompressor.m */ = {isa = PBXFileReference; fileEncoding = 4; lastKnownFileType = sourcecode.c.objc; path = ASIDataDecompressor.m; sourceTree = "<group>"; };
		A5115ED1148CA80D001B4493 /* ASIDownloadCache.h */ = {isa = PBXFileReference; fileEncoding = 4; lastKnownFileType = sourcecode.c.h; path = ASIDownloadCache.h; sourceTree = "<group>"; };
		A5115ED2148CA80D001B4493 /* ASIDownloadCache.m */ = {isa = PBXFileReference; fileEncoding = 4; lastKnownFileType = sourcecode.c.objc; path = ASIDownloadCache.m; sourceTree = "<group>"; };
		A5115ED3148CA80D001B4493 /* ASIFormDataRequest.h */ = {isa = PBXFileReference; fileEncoding = 4; lastKnownFileType = sourcecode.c.h; path = ASIFormDataRequest.h; sourceTree = "<group>"; };
		A5115ED4148CA80D001B4493 /* ASIFormDataRequest.m */ = {isa = PBXFileReference; fileEncoding = 4; lastKnownFileType = sourcecode.c.objc; path = ASIFormDataRequest.m; sourceTree = "<group>"; };
		A5115ED5148CA80D001B4493 /* ASIHTTPRequest.h */ = {isa = PBXFileReference; fileEncoding = 4; lastKnownFileType = sourcecode.c.h; path = ASIHTTPRequest.h; sourceTree = "<group>"; };
		A5115ED6148CA80D001B4493 /* ASIHTTPRequest.m */ = {isa = PBXFileReference; fileEncoding = 4; lastKnownFileType = sourcecode.c.objc; path = ASIHTTPRequest.m; sourceTree = "<group>"; };
		A5115ED7148CA80D001B4493 /* ASIHttpRequest_Extension.h */ = {isa = PBXFileReference; fileEncoding = 4; lastKnownFileType = sourcecode.c.h; path = ASIHttpRequest_Extension.h; sourceTree = "<group>"; };
		A5115ED8148CA80D001B4493 /* ASIHttpRequest_Extension.m */ = {isa = PBXFileReference; fileEncoding = 4; lastKnownFileType = sourcecode.c.objc; path = ASIHttpRequest_Extension.m; sourceTree = "<group>"; };
		A5115ED9148CA80D001B4493 /* ASIHTTPRequestConfig.h */ = {isa = PBXFileReference; fileEncoding = 4; lastKnownFileType = sourcecode.c.h; path = ASIHTTPRequestConfig.h; sourceTree = "<group>"; };
		A5115EDA148CA80D001B4493 /* ASIHTTPRequestDelegate.h */ = {isa = PBXFileReference; fileEncoding = 4; lastKnownFileType = sourcecode.c.h; path = ASIHTTPRequestDelegate.h; sourceTree = "<group>"; };
		A5115EDB148CA80D001B4493 /* ASIInputStream.h */ = {isa = PBXFileReference; fileEncoding = 4; lastKnownFileType = sourcecode.c.h; path = ASIInputStream.h; sourceTree = "<group>"; };
		A5115EDC148CA80D001B4493 /* ASIInputStream.m */ = {isa = PBXFileReference; fileEncoding = 4; lastKnownFileType = sourcecode.c.objc; path = ASIInputStream.m; sourceTree = "<group>"; };
		A5115EDD148CA80D001B4493 /* ASINetworkQueue.h */ = {isa = PBXFileReference; fileEncoding = 4; lastKnownFileType = sourcecode.c.h; path = ASINetworkQueue.h; sourceTree = "<group>"; };
		A5115EDE148CA80D001B4493 /* ASINetworkQueue.m */ = {isa = PBXFileReference; fileEncoding = 4; lastKnownFileType = sourcecode.c.objc; path = ASINetworkQueue.m; sourceTree = "<group>"; };
		A5115EDF148CA80D001B4493 /* ASIProgressDelegate.h */ = {isa = PBXFileReference; fileEncoding = 4; lastKnownFileType = sourcecode.c.h; path = ASIProgressDelegate.h; sourceTree = "<group>"; };
		A5115EE0148CA80D001B4493 /* Reachability.h */ = {isa = PBXFileReference; fileEncoding = 4; lastKnownFileType = sourcecode.c.h; path = Reachability.h; sourceTree = "<group>"; };
		A5115EE1148CA80D001B4493 /* Reachability.m */ = {isa = PBXFileReference; fileEncoding = 4; lastKnownFileType = sourcecode.c.objc; path = Reachability.m; sourceTree = "<group>"; };
		A5115EEC148CA92A001B4493 /* BTRequesterDelegate.h */ = {isa = PBXFileReference; fileEncoding = 4; lastKnownFileType = sourcecode.c.h; path = BTRequesterDelegate.h; sourceTree = "<group>"; };
		A534D00A1477344200881489 /* MainContentsViewController.h */ = {isa = PBXFileReference; fileEncoding = 4; lastKnownFileType = sourcecode.c.h; path = MainContentsViewController.h; sourceTree = "<group>"; };
		A534D00B1477344200881489 /* MainContentsViewController.m */ = {isa = PBXFileReference; fileEncoding = 4; lastKnownFileType = sourcecode.c.objc; path = MainContentsViewController.m; sourceTree = "<group>"; };
		A534D00C1477344200881489 /* MainContentsViewController.xib */ = {isa = PBXFileReference; fileEncoding = 4; lastKnownFileType = file.xib; path = MainContentsViewController.xib; sourceTree = "<group>"; };
		A566CA801476192300ACCD01 /* BoardListViewContoller.h */ = {isa = PBXFileReference; fileEncoding = 4; lastKnownFileType = sourcecode.c.h; path = BoardListViewContoller.h; sourceTree = "<group>"; };
		A566CA811476192300ACCD01 /* BoardListViewContoller.m */ = {isa = PBXFileReference; fileEncoding = 4; lastKnownFileType = sourcecode.c.objc; path = BoardListViewContoller.m; sourceTree = "<group>"; };
		A566CA821476192400ACCD01 /* BoardListViewContoller.xib */ = {isa = PBXFileReference; fileEncoding = 4; lastKnownFileType = file.xib; path = BoardListViewContoller.xib; sourceTree = "<group>"; };
		A57A251D146F15010091DE45 /* BestizParser.h */ = {isa = PBXFileReference; fileEncoding = 4; lastKnownFileType = sourcecode.c.h; path = BestizParser.h; sourceTree = "<group>"; };
		A57A251E146F15010091DE45 /* BestizParser.m */ = {isa = PBXFileReference; fileEncoding = 4; lastKnownFileType = sourcecode.c.objc; path = BestizParser.m; sourceTree = "<group>"; };
		A593A01C147F2C4E007D68FD /* BTBoard.h */ = {isa = PBXFileReference; fileEncoding = 4; lastKnownFileType = sourcecode.c.h; path = BTBoard.h; sourceTree = "<group>"; };
		A593A01D147F2C4E007D68FD /* BTBoard.m */ = {isa = PBXFileReference; fileEncoding = 4; lastKnownFileType = sourcecode.c.objc; path = BTBoard.m; sourceTree = "<group>"; };
		A59FDCBE1472CB8900AA6F23 /* BaseViewController.h */ = {isa = PBXFileReference; fileEncoding = 4; lastKnownFileType = sourcecode.c.h; path = BaseViewController.h; sourceTree = "<group>"; };
		A59FDCBF1472CB8900AA6F23 /* BaseViewController.m */ = {isa = PBXFileReference; fileEncoding = 4; lastKnownFileType = sourcecode.c.objc; path = BaseViewController.m; sourceTree = "<group>"; };
		A59FDCC31472D57800AA6F23 /* ListViewController.h */ = {isa = PBXFileReference; fileEncoding = 4; lastKnownFileType = sourcecode.c.h; path = ListViewController.h; sourceTree = "<group>"; };
		A59FDCC41472D57900AA6F23 /* ListViewController.m */ = {isa = PBXFileReference; fileEncoding = 4; lastKnownFileType = sourcecode.c.objc; path = ListViewController.m; sourceTree = "<group>"; };
		A5DC87A314608A8000BA91A5 /* MainTableViewController.h */ = {isa = PBXFileReference; fileEncoding = 4; lastKnownFileType = sourcecode.c.h; path = MainTableViewController.h; sourceTree = "<group>"; };
		A5DC87A414608A8000BA91A5 /* MainTableViewController.m */ = {isa = PBXFileReference; fileEncoding = 4; lastKnownFileType = sourcecode.c.objc; path = MainTableViewController.m; sourceTree = "<group>"; };
		A5DC87A514608A8000BA91A5 /* MainTableViewController.xib */ = {isa = PBXFileReference; fileEncoding = 4; lastKnownFileType = file.xib; path = MainTableViewController.xib; sourceTree = "<group>"; };
		A5DC87A81460956600BA91A5 /* BoardIndex.h */ = {isa = PBXFileReference; fileEncoding = 4; lastKnownFileType = sourcecode.c.h; path = BoardIndex.h; sourceTree = "<group>"; };
		A5DC87A91460956600BA91A5 /* BoardIndex.m */ = {isa = PBXFileReference; fileEncoding = 4; lastKnownFileType = sourcecode.c.objc; path = BoardIndex.m; sourceTree = "<group>"; };
		A5FBFCE2145EFBF500B45C7B /* Bestiz.app */ = {isa = PBXFileReference; explicitFileType = wrapper.application; includeInIndex = 0; path = Bestiz.app; sourceTree = BUILT_PRODUCTS_DIR; };
		A5FBFCE6145EFBF500B45C7B /* UIKit.framework */ = {isa = PBXFileReference; lastKnownFileType = wrapper.framework; name = UIKit.framework; path = System/Library/Frameworks/UIKit.framework; sourceTree = SDKROOT; };
		A5FBFCE8145EFBF500B45C7B /* Foundation.framework */ = {isa = PBXFileReference; lastKnownFileType = wrapper.framework; name = Foundation.framework; path = System/Library/Frameworks/Foundation.framework; sourceTree = SDKROOT; };
		A5FBFCEA145EFBF500B45C7B /* CoreGraphics.framework */ = {isa = PBXFileReference; lastKnownFileType = wrapper.framework; name = CoreGraphics.framework; path = System/Library/Frameworks/CoreGraphics.framework; sourceTree = SDKROOT; };
		A5FBFCEE145EFBF500B45C7B /* Bestiz-Info.plist */ = {isa = PBXFileReference; lastKnownFileType = text.plist.xml; path = "Bestiz-Info.plist"; sourceTree = "<group>"; };
		A5FBFCF0145EFBF500B45C7B /* en */ = {isa = PBXFileReference; lastKnownFileType = text.plist.strings; name = en; path = en.lproj/InfoPlist.strings; sourceTree = "<group>"; };
		A5FBFCF2145EFBF500B45C7B /* main.m */ = {isa = PBXFileReference; lastKnownFileType = sourcecode.c.objc; path = main.m; sourceTree = "<group>"; };
		A5FBFCF4145EFBF500B45C7B /* Bestiz-Prefix.pch */ = {isa = PBXFileReference; lastKnownFileType = sourcecode.c.h; path = "Bestiz-Prefix.pch"; sourceTree = "<group>"; };
		A5FBFCF5145EFBF500B45C7B /* AppDelegate.h */ = {isa = PBXFileReference; lastKnownFileType = sourcecode.c.h; path = AppDelegate.h; sourceTree = "<group>"; };
		A5FBFCF6145EFBF500B45C7B /* AppDelegate.m */ = {isa = PBXFileReference; lastKnownFileType = sourcecode.c.objc; path = AppDelegate.m; sourceTree = "<group>"; };
		A5FBFCF8145EFBF500B45C7B /* MasterViewController.h */ = {isa = PBXFileReference; lastKnownFileType = sourcecode.c.h; path = MasterViewController.h; sourceTree = "<group>"; };
		A5FBFCF9145EFBF500B45C7B /* MasterViewController.m */ = {isa = PBXFileReference; lastKnownFileType = sourcecode.c.objc; path = MasterViewController.m; sourceTree = "<group>"; };
		A5FBFCFB145EFBF500B45C7B /* DetailViewController.h */ = {isa = PBXFileReference; lastKnownFileType = sourcecode.c.h; path = DetailViewController.h; sourceTree = "<group>"; };
		A5FBFCFC145EFBF500B45C7B /* DetailViewController.m */ = {isa = PBXFileReference; lastKnownFileType = sourcecode.c.objc; path = DetailViewController.m; sourceTree = "<group>"; };
		A5FBFCFF145EFBF500B45C7B /* en */ = {isa = PBXFileReference; lastKnownFileType = file.xib; name = en; path = en.lproj/MasterViewController_iPhone.xib; sourceTree = "<group>"; };
		A5FBFD02145EFBF500B45C7B /* en */ = {isa = PBXFileReference; lastKnownFileType = file.xib; name = en; path = en.lproj/MasterViewController_iPad.xib; sourceTree = "<group>"; };
		A5FBFD05145EFBF500B45C7B /* en */ = {isa = PBXFileReference; lastKnownFileType = file.xib; name = en; path = en.lproj/DetailViewController_iPhone.xib; sourceTree = "<group>"; };
		A5FBFD08145EFBF500B45C7B /* en */ = {isa = PBXFileReference; lastKnownFileType = file.xib; name = en; path = en.lproj/DetailViewController_iPad.xib; sourceTree = "<group>"; };
		A5FBFD10145EFC1C00B45C7B /* HTMLNode.h */ = {isa = PBXFileReference; fileEncoding = 4; lastKnownFileType = sourcecode.c.h; path = HTMLNode.h; sourceTree = "<group>"; };
		A5FBFD11145EFC1C00B45C7B /* HTMLNode.m */ = {isa = PBXFileReference; fileEncoding = 4; lastKnownFileType = sourcecode.c.objc; path = HTMLNode.m; sourceTree = "<group>"; };
		A5FBFD12145EFC1C00B45C7B /* HTMLParser.h */ = {isa = PBXFileReference; fileEncoding = 4; lastKnownFileType = sourcecode.c.h; path = HTMLParser.h; sourceTree = "<group>"; };
		A5FBFD13145EFC1C00B45C7B /* HTMLParser.m */ = {isa = PBXFileReference; fileEncoding = 4; lastKnownFileType = sourcecode.c.objc; path = HTMLParser.m; sourceTree = "<group>"; };
/* End PBXFileReference section */

/* Begin PBXFrameworksBuildPhase section */
		A5FBFCDF145EFBF500B45C7B /* Frameworks */ = {
			isa = PBXFrameworksBuildPhase;
			buildActionMask = 2147483647;
			files = (
				A5FBFCE7145EFBF500B45C7B /* UIKit.framework in Frameworks */,
				A5FBFCE9145EFBF500B45C7B /* Foundation.framework in Frameworks */,
				A5FBFCEB145EFBF500B45C7B /* CoreGraphics.framework in Frameworks */,
			);
			runOnlyForDeploymentPostprocessing = 0;
		};
/* End PBXFrameworksBuildPhase section */

/* Begin PBXGroup section */
		A5115EC4148A5C33001B4493 /* BTParser */ = {
			isa = PBXGroup;
			children = (
			);
			name = BTParser;
			sourceTree = "<group>";
		};
		A5115EC5148CA789001B4493 /* BTRequester */ = {
			isa = PBXGroup;
			children = (
				A5115EC6148CA7C3001B4493 /* BTRequester.h */,
				A5115EC7148CA7C3001B4493 /* BTRequester.m */,
				A5115EEC148CA92A001B4493 /* BTRequesterDelegate.h */,
			);
			name = BTRequester;
			sourceTree = "<group>";
		};
		A5115EC9148CA80D001B4493 /* ASIHttpRequest */ = {
			isa = PBXGroup;
			children = (
				A5115ECA148CA80D001B4493 /* ASIAuthenticationDialog.h */,
				A5115ECB148CA80D001B4493 /* ASIAuthenticationDialog.m */,
				A5115ECC148CA80D001B4493 /* ASICacheDelegate.h */,
				A5115ECD148CA80D001B4493 /* ASIDataCompressor.h */,
				A5115ECE148CA80D001B4493 /* ASIDataCompressor.m */,
				A5115ECF148CA80D001B4493 /* ASIDataDecompressor.h */,
				A5115ED0148CA80D001B4493 /* ASIDataDecompressor.m */,
				A5115ED1148CA80D001B4493 /* ASIDownloadCache.h */,
				A5115ED2148CA80D001B4493 /* ASIDownloadCache.m */,
				A5115ED3148CA80D001B4493 /* ASIFormDataRequest.h */,
				A5115ED4148CA80D001B4493 /* ASIFormDataRequest.m */,
				A5115ED5148CA80D001B4493 /* ASIHTTPRequest.h */,
				A5115ED6148CA80D001B4493 /* ASIHTTPRequest.m */,
				A5115ED7148CA80D001B4493 /* ASIHttpRequest_Extension.h */,
				A5115ED8148CA80D001B4493 /* ASIHttpRequest_Extension.m */,
				A5115ED9148CA80D001B4493 /* ASIHTTPRequestConfig.h */,
				A5115EDA148CA80D001B4493 /* ASIHTTPRequestDelegate.h */,
				A5115EDB148CA80D001B4493 /* ASIInputStream.h */,
				A5115EDC148CA80D001B4493 /* ASIInputStream.m */,
				A5115EDD148CA80D001B4493 /* ASINetworkQueue.h */,
				A5115EDE148CA80D001B4493 /* ASINetworkQueue.m */,
				A5115EDF148CA80D001B4493 /* ASIProgressDelegate.h */,
				A5115EE0148CA80D001B4493 /* Reachability.h */,
				A5115EE1148CA80D001B4493 /* Reachability.m */,
			);
			path = ASIHttpRequest;
			sourceTree = "<group>";
		};
		A593A019147F284B007D68FD /* BTUtil */ = {
			isa = PBXGroup;
			children = (
				A5DC87A81460956600BA91A5 /* BoardIndex.h */,
				A5DC87A91460956600BA91A5 /* BoardIndex.m */,
				A5115EC9148CA80D001B4493 /* ASIHttpRequest */,
				A5FBFD0F145EFC0500B45C7B /* HTMLParser */,
			);
			name = BTUtil;
			sourceTree = "<group>";
		};
		A593A01B147F2869007D68FD /* BTModel */ = {
			isa = PBXGroup;
			children = (
				A5115EA2148A01C3001B4493 /* BTBaseModel.h */,
				A5115EA3148A01C3001B4493 /* BTBaseModel.m */,
				A5115EA6148A01F0001B4493 /* BTRequestableModel.h */,
				A5115EA7148A01F1001B4493 /* BTRequestableModel.m */,
				A593A01C147F2C4E007D68FD /* BTBoard.h */,
				A593A01D147F2C4E007D68FD /* BTBoard.m */,
				A5115EAC148A060F001B4493 /* BTGuestHeaven.h */,
				A5115EAD148A060F001B4493 /* BTGuestHeaven.m */,
				A5115EAF148A0644001B4493 /* BTGuestChatter.h */,
				A5115EB0148A0644001B4493 /* BTGuestChatter.m */,
				A5115EB2148A0656001B4493 /* BTGuestSpring.h */,
				A5115EB3148A0656001B4493 /* BTGuestSpring.m */,
				A5115EB5148A0667001B4493 /* BTGuestSummer.h */,
				A5115EB6148A0668001B4493 /* BTGuestSummer.m */,
				A5115EA9148A02DE001B4493 /* BTComment.h */,
				A5115EAA148A02DE001B4493 /* BTComment.m */,
				A5115EB8148A06B7001B4493 /* BTGuestHeavenComment.h */,
				A5115EB9148A06B7001B4493 /* BTGuestHeavenComment.m */,
				A5115EBB148A06C6001B4493 /* BTGuestChatterComment.h */,
				A5115EBC148A06C7001B4493 /* BTGuestChatterComment.m */,
				A5115EBE148A06D9001B4493 /* BTGuestSpringComment.h */,
				A5115EBF148A06DA001B4493 /* BTGuestSpringComment.m */,
				A5115EC1148A06E8001B4493 /* BTGuestSummerComment.h */,
				A5115EC2148A06E9001B4493 /* BTGuestSummerComment.m */,
			);
			name = BTModel;
			sourceTree = "<group>";
		};
		A5FBFCD7145EFBF400B45C7B = {
			isa = PBXGroup;
			children = (
				A5FBFCEC145EFBF500B45C7B /* Bestiz */,
				A5FBFCE5145EFBF500B45C7B /* Frameworks */,
				A5FBFCE3145EFBF500B45C7B /* Products */,
			);
			sourceTree = "<group>";
		};
		A5FBFCE3145EFBF500B45C7B /* Products */ = {
			isa = PBXGroup;
			children = (
				A5FBFCE2145EFBF500B45C7B /* Bestiz.app */,
			);
			name = Products;
			sourceTree = "<group>";
		};
		A5FBFCE5145EFBF500B45C7B /* Frameworks */ = {
			isa = PBXGroup;
			children = (
				A5FBFCE6145EFBF500B45C7B /* UIKit.framework */,
				A5FBFCE8145EFBF500B45C7B /* Foundation.framework */,
				A5FBFCEA145EFBF500B45C7B /* CoreGraphics.framework */,
			);
			name = Frameworks;
			sourceTree = "<group>";
		};
		A5FBFCEC145EFBF500B45C7B /* Bestiz */ = {
			isa = PBXGroup;
			children = (
				A5115EC4148A5C33001B4493 /* BTParser */,
				A5115EC5148CA789001B4493 /* BTRequester */,
				A593A01B147F2869007D68FD /* BTModel */,
				A593A019147F284B007D68FD /* BTUtil */,
				A5FBFCF5145EFBF500B45C7B /* AppDelegate.h */,
				A5FBFCF6145EFBF500B45C7B /* AppDelegate.m */,
				A57A251D146F15010091DE45 /* BestizParser.h */,
				A57A251E146F15010091DE45 /* BestizParser.m */,
				A59FDCBE1472CB8900AA6F23 /* BaseViewController.h */,
				A59FDCBF1472CB8900AA6F23 /* BaseViewController.m */,
				A59FDCC31472D57800AA6F23 /* ListViewController.h */,
				A59FDCC41472D57900AA6F23 /* ListViewController.m */,
				A5DC87A314608A8000BA91A5 /* MainTableViewController.h */,
				A5DC87A414608A8000BA91A5 /* MainTableViewController.m */,
				A5DC87A514608A8000BA91A5 /* MainTableViewController.xib */,
				A566CA801476192300ACCD01 /* BoardListViewContoller.h */,
				A566CA811476192300ACCD01 /* BoardListViewContoller.m */,
				A566CA821476192400ACCD01 /* BoardListViewContoller.xib */,
				A534D00A1477344200881489 /* MainContentsViewController.h */,
				A534D00B1477344200881489 /* MainContentsViewController.m */,
				A534D00C1477344200881489 /* MainContentsViewController.xib */,
				A5FBFCF8145EFBF500B45C7B /* MasterViewController.h */,
				A5FBFCF9145EFBF500B45C7B /* MasterViewController.m */,
				A5FBFCFB145EFBF500B45C7B /* DetailViewController.h */,
				A5FBFCFC145EFBF500B45C7B /* DetailViewController.m */,
				A5FBFCFE145EFBF500B45C7B /* MasterViewController_iPhone.xib */,
				A5FBFD01145EFBF500B45C7B /* MasterViewController_iPad.xib */,
				A5FBFD04145EFBF500B45C7B /* DetailViewController_iPhone.xib */,
				A5FBFD07145EFBF500B45C7B /* DetailViewController_iPad.xib */,
				A5FBFCED145EFBF500B45C7B /* Supporting Files */,
			);
			path = Bestiz;
			sourceTree = "<group>";
		};
		A5FBFCED145EFBF500B45C7B /* Supporting Files */ = {
			isa = PBXGroup;
			children = (
				A5FBFCEE145EFBF500B45C7B /* Bestiz-Info.plist */,
				A5FBFCEF145EFBF500B45C7B /* InfoPlist.strings */,
				A5FBFCF2145EFBF500B45C7B /* main.m */,
				A5FBFCF4145EFBF500B45C7B /* Bestiz-Prefix.pch */,
			);
			name = "Supporting Files";
			sourceTree = "<group>";
		};
		A5FBFD0F145EFC0500B45C7B /* HTMLParser */ = {
			isa = PBXGroup;
			children = (
				A5FBFD10145EFC1C00B45C7B /* HTMLNode.h */,
				A5FBFD11145EFC1C00B45C7B /* HTMLNode.m */,
				A5FBFD12145EFC1C00B45C7B /* HTMLParser.h */,
				A5FBFD13145EFC1C00B45C7B /* HTMLParser.m */,
			);
			name = HTMLParser;
			sourceTree = "<group>";
		};
/* End PBXGroup section */

/* Begin PBXNativeTarget section */
		A5FBFCE1145EFBF500B45C7B /* Bestiz */ = {
			isa = PBXNativeTarget;
			buildConfigurationList = A5FBFD0C145EFBF500B45C7B /* Build configuration list for PBXNativeTarget "Bestiz" */;
			buildPhases = (
				A5FBFCDE145EFBF500B45C7B /* Sources */,
				A5FBFCDF145EFBF500B45C7B /* Frameworks */,
				A5FBFCE0145EFBF500B45C7B /* Resources */,
			);
			buildRules = (
			);
			dependencies = (
			);
			name = Bestiz;
			productName = Bestiz;
			productReference = A5FBFCE2145EFBF500B45C7B /* Bestiz.app */;
			productType = "com.apple.product-type.application";
		};
/* End PBXNativeTarget section */

/* Begin PBXProject section */
		A5FBFCD9145EFBF400B45C7B /* Project object */ = {
			isa = PBXProject;
			attributes = {
				LastUpgradeCheck = 0420;
			};
			buildConfigurationList = A5FBFCDC145EFBF400B45C7B /* Build configuration list for PBXProject "Bestiz" */;
			compatibilityVersion = "Xcode 3.2";
			developmentRegion = English;
			hasScannedForEncodings = 0;
			knownRegions = (
				en,
			);
			mainGroup = A5FBFCD7145EFBF400B45C7B;
			productRefGroup = A5FBFCE3145EFBF500B45C7B /* Products */;
			projectDirPath = "";
			projectRoot = "";
			targets = (
				A5FBFCE1145EFBF500B45C7B /* Bestiz */,
			);
		};
/* End PBXProject section */

/* Begin PBXResourcesBuildPhase section */
		A5FBFCE0145EFBF500B45C7B /* Resources */ = {
			isa = PBXResourcesBuildPhase;
			buildActionMask = 2147483647;
			files = (
				A5FBFCF1145EFBF500B45C7B /* InfoPlist.strings in Resources */,
				A5FBFD00145EFBF500B45C7B /* MasterViewController_iPhone.xib in Resources */,
				A5FBFD03145EFBF500B45C7B /* MasterViewController_iPad.xib in Resources */,
				A5FBFD06145EFBF500B45C7B /* DetailViewController_iPhone.xib in Resources */,
				A5FBFD09145EFBF500B45C7B /* DetailViewController_iPad.xib in Resources */,
				A5DC87A714608A8000BA91A5 /* MainTableViewController.xib in Resources */,
				A566CA841476192400ACCD01 /* BoardListViewContoller.xib in Resources */,
				A534D00E1477344200881489 /* MainContentsViewController.xib in Resources */,
			);
			runOnlyForDeploymentPostprocessing = 0;
		};
/* End PBXResourcesBuildPhase section */

/* Begin PBXSourcesBuildPhase section */
		A5FBFCDE145EFBF500B45C7B /* Sources */ = {
			isa = PBXSourcesBuildPhase;
			buildActionMask = 2147483647;
			files = (
				A5FBFCF3145EFBF500B45C7B /* main.m in Sources */,
				A5FBFCF7145EFBF500B45C7B /* AppDelegate.m in Sources */,
				A5FBFCFA145EFBF500B45C7B /* MasterViewController.m in Sources */,
				A5FBFCFD145EFBF500B45C7B /* DetailViewController.m in Sources */,
				A5FBFD14145EFC1C00B45C7B /* HTMLNode.m in Sources */,
				A5FBFD15145EFC1C00B45C7B /* HTMLParser.m in Sources */,
				A5DC87A614608A8000BA91A5 /* MainTableViewController.m in Sources */,
				A5DC87AA1460956700BA91A5 /* BoardIndex.m in Sources */,
				A57A251F146F15010091DE45 /* BestizParser.m in Sources */,
				A59FDCC11472CB8900AA6F23 /* BaseViewController.m in Sources */,
				A59FDCC61472D57900AA6F23 /* ListViewController.m in Sources */,
				A566CA831476192400ACCD01 /* BoardListViewContoller.m in Sources */,
				A534D00D1477344200881489 /* MainContentsViewController.m in Sources */,
				A593A01E147F2C4E007D68FD /* BTBoard.m in Sources */,
				A5115EA4148A01C3001B4493 /* BTBaseModel.m in Sources */,
				A5115EA8148A01F1001B4493 /* BTRequestableModel.m in Sources */,
				A5115EAB148A02DE001B4493 /* BTComment.m in Sources */,
				A5115EAE148A060F001B4493 /* BTGuestHeaven.m in Sources */,
				A5115EB1148A0644001B4493 /* BTGuestChatter.m in Sources */,
				A5115EB4148A0656001B4493 /* BTGuestSpring.m in Sources */,
				A5115EB7148A0668001B4493 /* BTGuestSummer.m in Sources */,
				A5115EBA148A06B8001B4493 /* BTGuestHeavenComment.m in Sources */,
				A5115EBD148A06C7001B4493 /* BTGuestChatterComment.m in Sources */,
				A5115EC0148A06DA001B4493 /* BTGuestSpringComment.m in Sources */,
				A5115EC3148A06EA001B4493 /* BTGuestSummerComment.m in Sources */,
				A5115EC8148CA7C3001B4493 /* BTRequester.m in Sources */,
				A5115EE2148CA80D001B4493 /* ASIAuthenticationDialog.m in Sources */,
				A5115EE3148CA80D001B4493 /* ASIDataCompressor.m in Sources */,
				A5115EE4148CA80D001B4493 /* ASIDataDecompressor.m in Sources */,
				A5115EE5148CA80D001B4493 /* ASIDownloadCache.m in Sources */,
				A5115EE6148CA80D001B4493 /* ASIFormDataRequest.m in Sources */,
				A5115EE7148CA80D001B4493 /* ASIHTTPRequest.m in Sources */,
				A5115EE8148CA80D001B4493 /* ASIHttpRequest_Extension.m in Sources */,
				A5115EE9148CA80D001B4493 /* ASIInputStream.m in Sources */,
				A5115EEA148CA80D001B4493 /* ASINetworkQueue.m in Sources */,
				A5115EEB148CA80D001B4493 /* Reachability.m in Sources */,
			);
			runOnlyForDeploymentPostprocessing = 0;
		};
/* End PBXSourcesBuildPhase section */

/* Begin PBXVariantGroup section */
		A5FBFCEF145EFBF500B45C7B /* InfoPlist.strings */ = {
			isa = PBXVariantGroup;
			children = (
				A5FBFCF0145EFBF500B45C7B /* en */,
			);
			name = InfoPlist.strings;
			sourceTree = "<group>";
		};
		A5FBFCFE145EFBF500B45C7B /* MasterViewController_iPhone.xib */ = {
			isa = PBXVariantGroup;
			children = (
				A5FBFCFF145EFBF500B45C7B /* en */,
			);
			name = MasterViewController_iPhone.xib;
			sourceTree = "<group>";
		};
		A5FBFD01145EFBF500B45C7B /* MasterViewController_iPad.xib */ = {
			isa = PBXVariantGroup;
			children = (
				A5FBFD02145EFBF500B45C7B /* en */,
			);
			name = MasterViewController_iPad.xib;
			sourceTree = "<group>";
		};
		A5FBFD04145EFBF500B45C7B /* DetailViewController_iPhone.xib */ = {
			isa = PBXVariantGroup;
			children = (
				A5FBFD05145EFBF500B45C7B /* en */,
			);
			name = DetailViewController_iPhone.xib;
			sourceTree = "<group>";
		};
		A5FBFD07145EFBF500B45C7B /* DetailViewController_iPad.xib */ = {
			isa = PBXVariantGroup;
			children = (
				A5FBFD08145EFBF500B45C7B /* en */,
			);
			name = DetailViewController_iPad.xib;
			sourceTree = "<group>";
		};
/* End PBXVariantGroup section */

/* Begin XCBuildConfiguration section */
		A5FBFD0A145EFBF500B45C7B /* Debug */ = {
			isa = XCBuildConfiguration;
			buildSettings = {
				ALWAYS_SEARCH_USER_PATHS = NO;
				ARCHS = "$(ARCHS_STANDARD_32_BIT)";
				"CODE_SIGN_IDENTITY[sdk=iphoneos*]" = "iPhone Developer";
				COPY_PHASE_STRIP = NO;
				GCC_C_LANGUAGE_STANDARD = gnu99;
				GCC_DYNAMIC_NO_PIC = NO;
				GCC_OPTIMIZATION_LEVEL = 0;
				GCC_PREPROCESSOR_DEFINITIONS = (
					"DEBUG=1",
					"$(inherited)",
				);
				GCC_SYMBOLS_PRIVATE_EXTERN = NO;
				GCC_VERSION = com.apple.compilers.llvm.clang.1_0;
				GCC_WARN_ABOUT_MISSING_PROTOTYPES = YES;
				GCC_WARN_ABOUT_RETURN_TYPE = YES;
				GCC_WARN_UNUSED_VARIABLE = YES;
				HEADER_SEARCH_PATHS = "${SDKROOT}/usr/include/libxml2/**";
				IPHONEOS_DEPLOYMENT_TARGET = 4.0;
				LIBRARY_SEARCH_PATHS = "";
				OTHER_LDFLAGS = "-lxml2";
				SDKROOT = iphoneos;
				TARGETED_DEVICE_FAMILY = "1,2";
			};
			name = Debug;
		};
		A5FBFD0B145EFBF500B45C7B /* Release */ = {
			isa = XCBuildConfiguration;
			buildSettings = {
				ALWAYS_SEARCH_USER_PATHS = NO;
				ARCHS = "$(ARCHS_STANDARD_32_BIT)";
				"CODE_SIGN_IDENTITY[sdk=iphoneos*]" = "iPhone Developer";
				COPY_PHASE_STRIP = YES;
				GCC_C_LANGUAGE_STANDARD = gnu99;
				GCC_VERSION = com.apple.compilers.llvm.clang.1_0;
				GCC_WARN_ABOUT_MISSING_PROTOTYPES = YES;
				GCC_WARN_ABOUT_RETURN_TYPE = YES;
				GCC_WARN_UNUSED_VARIABLE = YES;
				HEADER_SEARCH_PATHS = "${SDKROOT}/usr/include/libxml2/**";
				IPHONEOS_DEPLOYMENT_TARGET = 4.0;
				LIBRARY_SEARCH_PATHS = "";
				OTHER_CFLAGS = "-DNS_BLOCK_ASSERTIONS=1";
				OTHER_LDFLAGS = "-lxml2";
				SDKROOT = iphoneos;
				TARGETED_DEVICE_FAMILY = "1,2";
				VALIDATE_PRODUCT = YES;
			};
			name = Release;
		};
		A5FBFD0D145EFBF500B45C7B /* Debug */ = {
			isa = XCBuildConfiguration;
			buildSettings = {
				GCC_PRECOMPILE_PREFIX_HEADER = YES;
				GCC_PREFIX_HEADER = "Bestiz/Bestiz-Prefix.pch";
				HEADER_SEARCH_PATHS = "${SDKROOT}/usr/include/libxml2/**";
				INFOPLIST_FILE = "Bestiz/Bestiz-Info.plist";
				IPHONEOS_DEPLOYMENT_TARGET = 4.0;
				LIBRARY_SEARCH_PATHS = "";
				OTHER_LDFLAGS = "-lxml2";
				PRODUCT_NAME = "$(TARGET_NAME)";
				USER_HEADER_SEARCH_PATHS = "";
				WRAPPER_EXTENSION = app;
			};
			name = Debug;
		};
		A5FBFD0E145EFBF500B45C7B /* Release */ = {
			isa = XCBuildConfiguration;
			buildSettings = {
				GCC_PRECOMPILE_PREFIX_HEADER = YES;
				GCC_PREFIX_HEADER = "Bestiz/Bestiz-Prefix.pch";
				HEADER_SEARCH_PATHS = "${SDKROOT}/usr/include/libxml2/**";
				INFOPLIST_FILE = "Bestiz/Bestiz-Info.plist";
				IPHONEOS_DEPLOYMENT_TARGET = 4.0;
				LIBRARY_SEARCH_PATHS = "";
				OTHER_LDFLAGS = "-lxml2";
				PRODUCT_NAME = "$(TARGET_NAME)";
				USER_HEADER_SEARCH_PATHS = "";
				WRAPPER_EXTENSION = app;
			};
			name = Release;
		};
/* End XCBuildConfiguration section */

/* Begin XCConfigurationList section */
		A5FBFCDC145EFBF400B45C7B /* Build configuration list for PBXProject "Bestiz" */ = {
			isa = XCConfigurationList;
			buildConfigurations = (
				A5FBFD0A145EFBF500B45C7B /* Debug */,
				A5FBFD0B145EFBF500B45C7B /* Release */,
			);
			defaultConfigurationIsVisible = 0;
			defaultConfigurationName = Release;
		};
		A5FBFD0C145EFBF500B45C7B /* Build configuration list for PBXNativeTarget "Bestiz" */ = {
			isa = XCConfigurationList;
			buildConfigurations = (
				A5FBFD0D145EFBF500B45C7B /* Debug */,
				A5FBFD0E145EFBF500B45C7B /* Release */,
			);
			defaultConfigurationIsVisible = 0;
			defaultConfigurationName = Release;
		};
/* End XCConfigurationList section */
	};
	rootObject = A5FBFCD9145EFBF400B45C7B /* Project object */;
}
