// !$*UTF8*$!
{
	archiveVersion = 1;
	classes = {
	};
	objectVersion = 46;
	objects = {

/* Begin PBXBuildFile section */
		A5115EA4148A01C3001B4493 /* BTBaseModel.m in Sources */ = {isa = PBXBuildFile; fileRef = A5115EA3148A01C3001B4493 /* BTBaseModel.m */; };
		A5115EA8148A01F1001B4493 /* BTRequestableModel.m in Sources */ = {isa = PBXBuildFile; fileRef = A5115EA7148A01F1001B4493 /* BTRequestableModel.m */; };
		A5115EAB148A02DE001B4493 /* BTContents.m in Sources */ = {isa = PBXBuildFile; fileRef = A5115EAA148A02DE001B4493 /* BTContents.m */; };
		A5115EC8148CA7C3001B4493 /* BTRequester.m in Sources */ = {isa = PBXBuildFile; fileRef = A5115EC7148CA7C3001B4493 /* BTRequester.m */; };
		A5115EE2148CA80D001B4493 /* ASIAuthenticationDialog.m in Sources */ = {isa = PBXBuildFile; fileRef = A5115ECB148CA80D001B4493 /* ASIAuthenticationDialog.m */; };
		A5115EE3148CA80D001B4493 /* ASIDataCompressor.m in Sources */ = {isa = PBXBuildFile; fileRef = A5115ECE148CA80D001B4493 /* ASIDataCompressor.m */; };
		A5115EE4148CA80D001B4493 /* ASIDataDecompressor.m in Sources */ = {isa = PBXBuildFile; fileRef = A5115ED0148CA80D001B4493 /* ASIDataDecompressor.m */; };
		A5115EE5148CA80D001B4493 /* ASIDownloadCache.m in Sources */ = {isa = PBXBuildFile; fileRef = A5115ED2148CA80D001B4493 /* ASIDownloadCache.m */; };
		A5115EE6148CA80D001B4493 /* ASIFormDataRequest.m in Sources */ = {isa = PBXBuildFile; fileRef = A5115ED4148CA80D001B4493 /* ASIFormDataRequest.m */; };
		A5115EE7148CA80D001B4493 /* ASIHTTPRequest.m in Sources */ = {isa = PBXBuildFile; fileRef = A5115ED6148CA80D001B4493 /* ASIHTTPRequest.m */; };
		A5115EE8148CA80D001B4493 /* ASIHttpRequest_Extension.m in Sources */ = {isa = PBXBuildFile; fileRef = A5115ED8148CA80D001B4493 /* ASIHttpRequest_Extension.m */; };
		A5115EE9148CA80D001B4493 /* ASIInputStream.m in Sources */ = {isa = PBXBuildFile; fileRef = A5115EDC148CA80D001B4493 /* ASIInputStream.m */; };
		A5115EEA148CA80D001B4493 /* ASINetworkQueue.m in Sources */ = {isa = PBXBuildFile; fileRef = A5115EDE148CA80D001B4493 /* ASINetworkQueue.m */; };
		A5115EEB148CA80D001B4493 /* Reachability.m in Sources */ = {isa = PBXBuildFile; fileRef = A5115EE1148CA80D001B4493 /* Reachability.m */; };
		A521C5A014B4B1440034AEA7 /* css.html in Resources */ = {isa = PBXBuildFile; fileRef = A521C59F14B4B1440034AEA7 /* css.html */; };
		A5267A8914A1BC6300453DB3 /* BTContentsViewController.m in Sources */ = {isa = PBXBuildFile; fileRef = A5267A8714A1BC6300453DB3 /* BTContentsViewController.m */; };
		A5267A8A14A1BC6300453DB3 /* BTContentsViewController.xib in Resources */ = {isa = PBXBuildFile; fileRef = A5267A8814A1BC6300453DB3 /* BTContentsViewController.xib */; };
		A52955BD14948AFF0008CDB0 /* BTBaseParser.m in Sources */ = {isa = PBXBuildFile; fileRef = A52955BC14948AFF0008CDB0 /* BTBaseParser.m */; };
		A52955C11494FC570008CDB0 /* BTBoardParser.m in Sources */ = {isa = PBXBuildFile; fileRef = A52955C01494FC570008CDB0 /* BTBoardParser.m */; };
		A52955C314950F6B0008CDB0 /* CFNetwork.framework in Frameworks */ = {isa = PBXBuildFile; fileRef = A52955C214950F6B0008CDB0 /* CFNetwork.framework */; };
		A52955C514950F730008CDB0 /* SystemConfiguration.framework in Frameworks */ = {isa = PBXBuildFile; fileRef = A52955C414950F730008CDB0 /* SystemConfiguration.framework */; };
		A52955C714950F850008CDB0 /* MobileCoreServices.framework in Frameworks */ = {isa = PBXBuildFile; fileRef = A52955C614950F850008CDB0 /* MobileCoreServices.framework */; };
		A52955C914950F980008CDB0 /* libz.1.2.5.dylib in Frameworks */ = {isa = PBXBuildFile; fileRef = A52955C814950F980008CDB0 /* libz.1.2.5.dylib */; };
		A52955CD14951DBC0008CDB0 /* BTContentsParser.m in Sources */ = {isa = PBXBuildFile; fileRef = A52955CC14951DBC0008CDB0 /* BTContentsParser.m */; };
		A539FFC5149F251300B5DB9D /* BTComment.m in Sources */ = {isa = PBXBuildFile; fileRef = A539FFC4149F251300B5DB9D /* BTComment.m */; };
		A539FFCC149F3D3B00B5DB9D /* BTCommentParser.m in Sources */ = {isa = PBXBuildFile; fileRef = A539FFCB149F3D3B00B5DB9D /* BTCommentParser.m */; };
		A539FFCF149F72E500B5DB9D /* BTListViewController.m in Sources */ = {isa = PBXBuildFile; fileRef = A539FFCE149F72E400B5DB9D /* BTListViewController.m */; };
		A539FFD6149F739300B5DB9D /* BTMainTableViewController.m in Sources */ = {isa = PBXBuildFile; fileRef = A539FFD4149F739100B5DB9D /* BTMainTableViewController.m */; };
		A539FFD7149F739300B5DB9D /* BTMainTableViewController.xib in Resources */ = {isa = PBXBuildFile; fileRef = A539FFD5149F739200B5DB9D /* BTMainTableViewController.xib */; };
		A54BEC8114A0ED2D006BACD5 /* BTBoardListViewController.m in Sources */ = {isa = PBXBuildFile; fileRef = A54BEC7F14A0ED2C006BACD5 /* BTBoardListViewController.m */; };
		A54BEC8214A0ED2D006BACD5 /* BTBoardListViewController.xib in Resources */ = {isa = PBXBuildFile; fileRef = A54BEC8014A0ED2C006BACD5 /* BTBoardListViewController.xib */; };
		A5607A4A14AC135F00BAC98C /* BTCommentCell.m in Sources */ = {isa = PBXBuildFile; fileRef = A5607A4914AC135F00BAC98C /* BTCommentCell.m */; };
		A5607A4E14AC137F00BAC98C /* BTBoardCell.m in Sources */ = {isa = PBXBuildFile; fileRef = A5607A4D14AC137F00BAC98C /* BTBoardCell.m */; };
		A57A251F146F15010091DE45 /* BestizParser.m in Sources */ = {isa = PBXBuildFile; fileRef = A57A251E146F15010091DE45 /* BestizParser.m */; };
		A593A01E147F2C4E007D68FD /* BTBoard.m in Sources */ = {isa = PBXBuildFile; fileRef = A593A01D147F2C4E007D68FD /* BTBoard.m */; };
		A59FDCC11472CB8900AA6F23 /* BTBaseViewController.m in Sources */ = {isa = PBXBuildFile; fileRef = A59FDCBF1472CB8900AA6F23 /* BTBaseViewController.m */; };
		A5B4224E14ACB62100B69432 /* BTContentsWebViewController.m in Sources */ = {isa = PBXBuildFile; fileRef = A5B4224C14ACB62100B69432 /* BTContentsWebViewController.m */; };
		A5B4224F14ACB62100B69432 /* BTContentsWebViewController.xib in Resources */ = {isa = PBXBuildFile; fileRef = A5B4224D14ACB62100B69432 /* BTContentsWebViewController.xib */; };
		A5DC87AA1460956700BA91A5 /* BTBoardIndex.m in Sources */ = {isa = PBXBuildFile; fileRef = A5DC87A91460956600BA91A5 /* BTBoardIndex.m */; };
		A5FBFCE7145EFBF500B45C7B /* UIKit.framework in Frameworks */ = {isa = PBXBuildFile; fileRef = A5FBFCE6145EFBF500B45C7B /* UIKit.framework */; };
		A5FBFCE9145EFBF500B45C7B /* Foundation.framework in Frameworks */ = {isa = PBXBuildFile; fileRef = A5FBFCE8145EFBF500B45C7B /* Foundation.framework */; };
		A5FBFCEB145EFBF500B45C7B /* CoreGraphics.framework in Frameworks */ = {isa = PBXBuildFile; fileRef = A5FBFCEA145EFBF500B45C7B /* CoreGraphics.framework */; };
		A5FBFCF1145EFBF500B45C7B /* InfoPlist.strings in Resources */ = {isa = PBXBuildFile; fileRef = A5FBFCEF145EFBF500B45C7B /* InfoPlist.strings */; };
		A5FBFCF3145EFBF500B45C7B /* main.m in Sources */ = {isa = PBXBuildFile; fileRef = A5FBFCF2145EFBF500B45C7B /* main.m */; };
		A5FBFCF7145EFBF500B45C7B /* AppDelegate.m in Sources */ = {isa = PBXBuildFile; fileRef = A5FBFCF6145EFBF500B45C7B /* AppDelegate.m */; };
		A5FBFD14145EFC1C00B45C7B /* HTMLNode.m in Sources */ = {isa = PBXBuildFile; fileRef = A5FBFD11145EFC1C00B45C7B /* HTMLNode.m */; };
		A5FBFD15145EFC1C00B45C7B /* HTMLParser.m in Sources */ = {isa = PBXBuildFile; fileRef = A5FBFD13145EFC1C00B45C7B /* HTMLParser.m */; };
/* End PBXBuildFile section */

/* Begin PBXFileReference section */
		A5115EA2148A01C3001B4493 /* BTBaseModel.h */ = {isa = PBXFileReference; fileEncoding = 4; lastKnownFileType = sourcecode.c.h; path = BTBaseModel.h; sourceTree = "<group>"; };
		A5115EA3148A01C3001B4493 /* BTBaseModel.m */ = {isa = PBXFileReference; fileEncoding = 4; lastKnownFileType = sourcecode.c.objc; path = BTBaseModel.m; sourceTree = "<group>"; };
		A5115EA6148A01F0001B4493 /* BTRequestableModel.h */ = {isa = PBXFileReference; fileEncoding = 4; lastKnownFileType = sourcecode.c.h; path = BTRequestableModel.h; sourceTree = "<group>"; };
		A5115EA7148A01F1001B4493 /* BTRequestableModel.m */ = {isa = PBXFileReference; fileEncoding = 4; lastKnownFileType = sourcecode.c.objc; path = BTRequestableModel.m; sourceTree = "<group>"; };
		A5115EA9148A02DE001B4493 /* BTContents.h */ = {isa = PBXFileReference; fileEncoding = 4; lastKnownFileType = sourcecode.c.h; path = BTContents.h; sourceTree = "<group>"; };
		A5115EAA148A02DE001B4493 /* BTContents.m */ = {isa = PBXFileReference; fileEncoding = 4; lastKnownFileType = sourcecode.c.objc; path = BTContents.m; sourceTree = "<group>"; };
		A5115EC6148CA7C3001B4493 /* BTRequester.h */ = {isa = PBXFileReference; fileEncoding = 4; lastKnownFileType = sourcecode.c.h; path = BTRequester.h; sourceTree = "<group>"; };
		A5115EC7148CA7C3001B4493 /* BTRequester.m */ = {isa = PBXFileReference; fileEncoding = 4; lastKnownFileType = sourcecode.c.objc; path = BTRequester.m; sourceTree = "<group>"; };
		A5115ECA148CA80D001B4493 /* ASIAuthenticationDialog.h */ = {isa = PBXFileReference; fileEncoding = 4; lastKnownFileType = sourcecode.c.h; path = ASIAuthenticationDialog.h; sourceTree = "<group>"; };
		A5115ECB148CA80D001B4493 /* ASIAuthenticationDialog.m */ = {isa = PBXFileReference; fileEncoding = 4; lastKnownFileType = sourcecode.c.objc; path = ASIAuthenticationDialog.m; sourceTree = "<group>"; };
		A5115ECC148CA80D001B4493 /* ASICacheDelegate.h */ = {isa = PBXFileReference; fileEncoding = 4; lastKnownFileType = sourcecode.c.h; path = ASICacheDelegate.h; sourceTree = "<group>"; };
		A5115ECD148CA80D001B4493 /* ASIDataCompressor.h */ = {isa = PBXFileReference; fileEncoding = 4; lastKnownFileType = sourcecode.c.h; path = ASIDataCompressor.h; sourceTree = "<group>"; };
		A5115ECE148CA80D001B4493 /* ASIDataCompressor.m */ = {isa = PBXFileReference; fileEncoding = 4; lastKnownFileType = sourcecode.c.objc; path = ASIDataCompressor.m; sourceTree = "<group>"; };
		A5115ECF148CA80D001B4493 /* ASIDataDecompressor.h */ = {isa = PBXFileReference; fileEncoding = 4; lastKnownFileType = sourcecode.c.h; path = ASIDataDecompressor.h; sourceTree = "<group>"; };
		A5115ED0148CA80D001B4493 /* ASIDataDecompressor.m */ = {isa = PBXFileReference; fileEncoding = 4; lastKnownFileType = sourcecode.c.objc; path = ASIDataDecompressor.m; sourceTree = "<group>"; };
		A5115ED1148CA80D001B4493 /* ASIDownloadCache.h */ = {isa = PBXFileReference; fileEncoding = 4; lastKnownFileType = sourcecode.c.h; path = ASIDownloadCache.h; sourceTree = "<group>"; };
		A5115ED2148CA80D001B4493 /* ASIDownloadCache.m */ = {isa = PBXFileReference; fileEncoding = 4; lastKnownFileType = sourcecode.c.objc; path = ASIDownloadCache.m; sourceTree = "<group>"; };
		A5115ED3148CA80D001B4493 /* ASIFormDataRequest.h */ = {isa = PBXFileReference; fileEncoding = 4; lastKnownFileType = sourcecode.c.h; path = ASIFormDataRequest.h; sourceTree = "<group>"; };
		A5115ED4148CA80D001B4493 /* ASIFormDataRequest.m */ = {isa = PBXFileReference; fileEncoding = 4; lastKnownFileType = sourcecode.c.objc; path = ASIFormDataRequest.m; sourceTree = "<group>"; };
		A5115ED5148CA80D001B4493 /* ASIHTTPRequest.h */ = {isa = PBXFileReference; fileEncoding = 4; lastKnownFileType = sourcecode.c.h; path = ASIHTTPRequest.h; sourceTree = "<group>"; };
		A5115ED6148CA80D001B4493 /* ASIHTTPRequest.m */ = {isa = PBXFileReference; fileEncoding = 4; lastKnownFileType = sourcecode.c.objc; path = ASIHTTPRequest.m; sourceTree = "<group>"; };
		A5115ED7148CA80D001B4493 /* ASIHttpRequest_Extension.h */ = {isa = PBXFileReference; fileEncoding = 4; lastKnownFileType = sourcecode.c.h; path = ASIHttpRequest_Extension.h; sourceTree = "<group>"; };
		A5115ED8148CA80D001B4493 /* ASIHttpRequest_Extension.m */ = {isa = PBXFileReference; fileEncoding = 4; lastKnownFileType = sourcecode.c.objc; path = ASIHttpRequest_Extension.m; sourceTree = "<group>"; };
		A5115ED9148CA80D001B4493 /* ASIHTTPRequestConfig.h */ = {isa = PBXFileReference; fileEncoding = 4; lastKnownFileType = sourcecode.c.h; path = ASIHTTPRequestConfig.h; sourceTree = "<group>"; };
		A5115EDA148CA80D001B4493 /* ASIHTTPRequestDelegate.h */ = {isa = PBXFileReference; fileEncoding = 4; lastKnownFileType = sourcecode.c.h; path = ASIHTTPRequestDelegate.h; sourceTree = "<group>"; };
		A5115EDB148CA80D001B4493 /* ASIInputStream.h */ = {isa = PBXFileReference; fileEncoding = 4; lastKnownFileType = sourcecode.c.h; path = ASIInputStream.h; sourceTree = "<group>"; };
		A5115EDC148CA80D001B4493 /* ASIInputStream.m */ = {isa = PBXFileReference; fileEncoding = 4; lastKnownFileType = sourcecode.c.objc; path = ASIInputStream.m; sourceTree = "<group>"; };
		A5115EDD148CA80D001B4493 /* ASINetworkQueue.h */ = {isa = PBXFileReference; fileEncoding = 4; lastKnownFileType = sourcecode.c.h; path = ASINetworkQueue.h; sourceTree = "<group>"; };
		A5115EDE148CA80D001B4493 /* ASINetworkQueue.m */ = {isa = PBXFileReference; fileEncoding = 4; lastKnownFileType = sourcecode.c.objc; path = ASINetworkQueue.m; sourceTree = "<group>"; };
		A5115EDF148CA80D001B4493 /* ASIProgressDelegate.h */ = {isa = PBXFileReference; fileEncoding = 4; lastKnownFileType = sourcecode.c.h; path = ASIProgressDelegate.h; sourceTree = "<group>"; };
		A5115EE0148CA80D001B4493 /* Reachability.h */ = {isa = PBXFileReference; fileEncoding = 4; lastKnownFileType = sourcecode.c.h; path = Reachability.h; sourceTree = "<group>"; };
		A5115EE1148CA80D001B4493 /* Reachability.m */ = {isa = PBXFileReference; fileEncoding = 4; lastKnownFileType = sourcecode.c.objc; path = Reachability.m; sourceTree = "<group>"; };
		A5115EEC148CA92A001B4493 /* BTRequesterDelegate.h */ = {isa = PBXFileReference; fileEncoding = 4; lastKnownFileType = sourcecode.c.h; path = BTRequesterDelegate.h; sourceTree = "<group>"; };
		A521C59F14B4B1440034AEA7 /* css.html */ = {isa = PBXFileReference; fileEncoding = 4; lastKnownFileType = text.html; path = css.html; sourceTree = "<group>"; };
		A5267A8614A1BC6300453DB3 /* BTContentsViewController.h */ = {isa = PBXFileReference; fileEncoding = 4; lastKnownFileType = sourcecode.c.h; path = BTContentsViewController.h; sourceTree = "<group>"; };
		A5267A8714A1BC6300453DB3 /* BTContentsViewController.m */ = {isa = PBXFileReference; fileEncoding = 4; lastKnownFileType = sourcecode.c.objc; path = BTContentsViewController.m; sourceTree = "<group>"; };
		A5267A8814A1BC6300453DB3 /* BTContentsViewController.xib */ = {isa = PBXFileReference; fileEncoding = 4; lastKnownFileType = file.xib; path = BTContentsViewController.xib; sourceTree = "<group>"; };
		A52955BB14948AFF0008CDB0 /* BTBaseParser.h */ = {isa = PBXFileReference; fileEncoding = 4; lastKnownFileType = sourcecode.c.h; path = BTBaseParser.h; sourceTree = "<group>"; };
		A52955BC14948AFF0008CDB0 /* BTBaseParser.m */ = {isa = PBXFileReference; fileEncoding = 4; lastKnownFileType = sourcecode.c.objc; path = BTBaseParser.m; sourceTree = "<group>"; };
		A52955BF1494FC570008CDB0 /* BTBoardParser.h */ = {isa = PBXFileReference; fileEncoding = 4; lastKnownFileType = sourcecode.c.h; path = BTBoardParser.h; sourceTree = "<group>"; };
		A52955C01494FC570008CDB0 /* BTBoardParser.m */ = {isa = PBXFileReference; fileEncoding = 4; lastKnownFileType = sourcecode.c.objc; path = BTBoardParser.m; sourceTree = "<group>"; };
		A52955C214950F6B0008CDB0 /* CFNetwork.framework */ = {isa = PBXFileReference; lastKnownFileType = wrapper.framework; name = CFNetwork.framework; path = System/Library/Frameworks/CFNetwork.framework; sourceTree = SDKROOT; };
		A52955C414950F730008CDB0 /* SystemConfiguration.framework */ = {isa = PBXFileReference; lastKnownFileType = wrapper.framework; name = SystemConfiguration.framework; path = System/Library/Frameworks/SystemConfiguration.framework; sourceTree = SDKROOT; };
		A52955C614950F850008CDB0 /* MobileCoreServices.framework */ = {isa = PBXFileReference; lastKnownFileType = wrapper.framework; name = MobileCoreServices.framework; path = System/Library/Frameworks/MobileCoreServices.framework; sourceTree = SDKROOT; };
		A52955C814950F980008CDB0 /* libz.1.2.5.dylib */ = {isa = PBXFileReference; lastKnownFileType = "compiled.mach-o.dylib"; name = libz.1.2.5.dylib; path = usr/lib/libz.1.2.5.dylib; sourceTree = SDKROOT; };
		A52955CA149511880008CDB0 /* BTKeyForModel.h */ = {isa = PBXFileReference; fileEncoding = 4; lastKnownFileType = sourcecode.c.h; path = BTKeyForModel.h; sourceTree = "<group>"; };
		A52955CB14951DBC0008CDB0 /* BTContentsParser.h */ = {isa = PBXFileReference; fileEncoding = 4; lastKnownFileType = sourcecode.c.h; path = BTContentsParser.h; sourceTree = "<group>"; };
		A52955CC14951DBC0008CDB0 /* BTContentsParser.m */ = {isa = PBXFileReference; fileEncoding = 4; lastKnownFileType = sourcecode.c.objc; path = BTContentsParser.m; sourceTree = "<group>"; };
		A539FFC3149F251300B5DB9D /* BTComment.h */ = {isa = PBXFileReference; fileEncoding = 4; lastKnownFileType = sourcecode.c.h; path = BTComment.h; sourceTree = "<group>"; };
		A539FFC4149F251300B5DB9D /* BTComment.m */ = {isa = PBXFileReference; fileEncoding = 4; lastKnownFileType = sourcecode.c.objc; path = BTComment.m; sourceTree = "<group>"; };
		A539FFCA149F3D3B00B5DB9D /* BTCommentParser.h */ = {isa = PBXFileReference; fileEncoding = 4; lastKnownFileType = sourcecode.c.h; path = BTCommentParser.h; sourceTree = "<group>"; };
		A539FFCB149F3D3B00B5DB9D /* BTCommentParser.m */ = {isa = PBXFileReference; fileEncoding = 4; lastKnownFileType = sourcecode.c.objc; path = BTCommentParser.m; sourceTree = "<group>"; };
		A539FFCD149F72E300B5DB9D /* BTListViewController.h */ = {isa = PBXFileReference; fileEncoding = 4; lastKnownFileType = sourcecode.c.h; path = BTListViewController.h; sourceTree = "<group>"; };
		A539FFCE149F72E400B5DB9D /* BTListViewController.m */ = {isa = PBXFileReference; fileEncoding = 4; lastKnownFileType = sourcecode.c.objc; path = BTListViewController.m; sourceTree = "<group>"; };
		A539FFD3149F739100B5DB9D /* BTMainTableViewController.h */ = {isa = PBXFileReference; fileEncoding = 4; lastKnownFileType = sourcecode.c.h; path = BTMainTableViewController.h; sourceTree = "<group>"; };
		A539FFD4149F739100B5DB9D /* BTMainTableViewController.m */ = {isa = PBXFileReference; fileEncoding = 4; lastKnownFileType = sourcecode.c.objc; path = BTMainTableViewController.m; sourceTree = "<group>"; };
		A539FFD5149F739200B5DB9D /* BTMainTableViewController.xib */ = {isa = PBXFileReference; fileEncoding = 4; lastKnownFileType = file.xib; path = BTMainTableViewController.xib; sourceTree = "<group>"; };
		A54BEC7E14A0ED2C006BACD5 /* BTBoardListViewController.h */ = {isa = PBXFileReference; fileEncoding = 4; lastKnownFileType = sourcecode.c.h; path = BTBoardListViewController.h; sourceTree = "<group>"; };
		A54BEC7F14A0ED2C006BACD5 /* BTBoardListViewController.m */ = {isa = PBXFileReference; fileEncoding = 4; lastKnownFileType = sourcecode.c.objc; path = BTBoardListViewController.m; sourceTree = "<group>"; };
		A54BEC8014A0ED2C006BACD5 /* BTBoardListViewController.xib */ = {isa = PBXFileReference; fileEncoding = 4; lastKnownFileType = file.xib; path = BTBoardListViewController.xib; sourceTree = "<group>"; };
		A5607A4814AC135F00BAC98C /* BTCommentCell.h */ = {isa = PBXFileReference; fileEncoding = 4; lastKnownFileType = sourcecode.c.h; path = BTCommentCell.h; sourceTree = "<group>"; };
		A5607A4914AC135F00BAC98C /* BTCommentCell.m */ = {isa = PBXFileReference; fileEncoding = 4; lastKnownFileType = sourcecode.c.objc; path = BTCommentCell.m; sourceTree = "<group>"; };
		A5607A4C14AC137F00BAC98C /* BTBoardCell.h */ = {isa = PBXFileReference; fileEncoding = 4; lastKnownFileType = sourcecode.c.h; path = BTBoardCell.h; sourceTree = "<group>"; };
		A5607A4D14AC137F00BAC98C /* BTBoardCell.m */ = {isa = PBXFileReference; fileEncoding = 4; lastKnownFileType = sourcecode.c.objc; path = BTBoardCell.m; sourceTree = "<group>"; };
		A57A251D146F15010091DE45 /* BestizParser.h */ = {isa = PBXFileReference; fileEncoding = 4; lastKnownFileType = sourcecode.c.h; path = BestizParser.h; sourceTree = "<group>"; };
		A57A251E146F15010091DE45 /* BestizParser.m */ = {isa = PBXFileReference; fileEncoding = 4; lastKnownFileType = sourcecode.c.objc; path = BestizParser.m; sourceTree = "<group>"; };
		A593A01C147F2C4E007D68FD /* BTBoard.h */ = {isa = PBXFileReference; fileEncoding = 4; lastKnownFileType = sourcecode.c.h; path = BTBoard.h; sourceTree = "<group>"; };
		A593A01D147F2C4E007D68FD /* BTBoard.m */ = {isa = PBXFileReference; fileEncoding = 4; lastKnownFileType = sourcecode.c.objc; path = BTBoard.m; sourceTree = "<group>"; };
		A59FDCBE1472CB8900AA6F23 /* BTBaseViewController.h */ = {isa = PBXFileReference; fileEncoding = 4; lastKnownFileType = sourcecode.c.h; path = BTBaseViewController.h; sourceTree = "<group>"; };
		A59FDCBF1472CB8900AA6F23 /* BTBaseViewController.m */ = {isa = PBXFileReference; fileEncoding = 4; lastKnownFileType = sourcecode.c.objc; path = BTBaseViewController.m; sourceTree = "<group>"; };
		A5B4224B14ACB62100B69432 /* BTContentsWebViewController.h */ = {isa = PBXFileReference; fileEncoding = 4; lastKnownFileType = sourcecode.c.h; path = BTContentsWebViewController.h; sourceTree = "<group>"; };
		A5B4224C14ACB62100B69432 /* BTContentsWebViewController.m */ = {isa = PBXFileReference; fileEncoding = 4; lastKnownFileType = sourcecode.c.objc; path = BTContentsWebViewController.m; sourceTree = "<group>"; };
		A5B4224D14ACB62100B69432 /* BTContentsWebViewController.xib */ = {isa = PBXFileReference; fileEncoding = 4; lastKnownFileType = file.xib; path = BTContentsWebViewController.xib; sourceTree = "<group>"; };
		A5DC87A81460956600BA91A5 /* BTBoardIndex.h */ = {isa = PBXFileReference; fileEncoding = 4; lastKnownFileType = sourcecode.c.h; path = BTBoardIndex.h; sourceTree = "<group>"; };
		A5DC87A91460956600BA91A5 /* BTBoardIndex.m */ = {isa = PBXFileReference; fileEncoding = 4; lastKnownFileType = sourcecode.c.objc; path = BTBoardIndex.m; sourceTree = "<group>"; };
		A5FBFCE2145EFBF500B45C7B /* Bestiz.app */ = {isa = PBXFileReference; explicitFileType = wrapper.application; includeInIndex = 0; path = Bestiz.app; sourceTree = BUILT_PRODUCTS_DIR; };
		A5FBFCE6145EFBF500B45C7B /* UIKit.framework */ = {isa = PBXFileReference; lastKnownFileType = wrapper.framework; name = UIKit.framework; path = System/Library/Frameworks/UIKit.framework; sourceTree = SDKROOT; };
		A5FBFCE8145EFBF500B45C7B /* Foundation.framework */ = {isa = PBXFileReference; lastKnownFileType = wrapper.framework; name = Foundation.framework; path = System/Library/Frameworks/Foundation.framework; sourceTree = SDKROOT; };
		A5FBFCEA145EFBF500B45C7B /* CoreGraphics.framework */ = {isa = PBXFileReference; lastKnownFileType = wrapper.framework; name = CoreGraphics.framework; path = System/Library/Frameworks/CoreGraphics.framework; sourceTree = SDKROOT; };
		A5FBFCEE145EFBF500B45C7B /* Bestiz-Info.plist */ = {isa = PBXFileReference; lastKnownFileType = text.plist.xml; path = "Bestiz-Info.plist"; sourceTree = "<group>"; };
		A5FBFCF0145EFBF500B45C7B /* en */ = {isa = PBXFileReference; lastKnownFileType = text.plist.strings; name = en; path = en.lproj/InfoPlist.strings; sourceTree = "<group>"; };
		A5FBFCF2145EFBF500B45C7B /* main.m */ = {isa = PBXFileReference; lastKnownFileType = sourcecode.c.objc; path = main.m; sourceTree = "<group>"; };
		A5FBFCF4145EFBF500B45C7B /* Bestiz-Prefix.pch */ = {isa = PBXFileReference; lastKnownFileType = sourcecode.c.h; path = "Bestiz-Prefix.pch"; sourceTree = "<group>"; };
		A5FBFCF5145EFBF500B45C7B /* AppDelegate.h */ = {isa = PBXFileReference; lastKnownFileType = sourcecode.c.h; path = AppDelegate.h; sourceTree = "<group>"; };
		A5FBFCF6145EFBF500B45C7B /* AppDelegate.m */ = {isa = PBXFileReference; lastKnownFileType = sourcecode.c.objc; path = AppDelegate.m; sourceTree = "<group>"; };
		A5FBFD10145EFC1C00B45C7B /* HTMLNode.h */ = {isa = PBXFileReference; fileEncoding = 4; lastKnownFileType = sourcecode.c.h; path = HTMLNode.h; sourceTree = "<group>"; };
		A5FBFD11145EFC1C00B45C7B /* HTMLNode.m */ = {isa = PBXFileReference; fileEncoding = 4; lastKnownFileType = sourcecode.c.objc; path = HTMLNode.m; sourceTree = "<group>"; };
		A5FBFD12145EFC1C00B45C7B /* HTMLParser.h */ = {isa = PBXFileReference; fileEncoding = 4; lastKnownFileType = sourcecode.c.h; path = HTMLParser.h; sourceTree = "<group>"; };
		A5FBFD13145EFC1C00B45C7B /* HTMLParser.m */ = {isa = PBXFileReference; fileEncoding = 4; lastKnownFileType = sourcecode.c.objc; path = HTMLParser.m; sourceTree = "<group>"; };
/* End PBXFileReference section */

/* Begin PBXFrameworksBuildPhase section */
		A5FBFCDF145EFBF500B45C7B /* Frameworks */ = {
			isa = PBXFrameworksBuildPhase;
			buildActionMask = 2147483647;
			files = (
				A52955C914950F980008CDB0 /* libz.1.2.5.dylib in Frameworks */,
				A52955C714950F850008CDB0 /* MobileCoreServices.framework in Frameworks */,
				A52955C514950F730008CDB0 /* SystemConfiguration.framework in Frameworks */,
				A52955C314950F6B0008CDB0 /* CFNetwork.framework in Frameworks */,
				A5FBFCE7145EFBF500B45C7B /* UIKit.framework in Frameworks */,
				A5FBFCE9145EFBF500B45C7B /* Foundation.framework in Frameworks */,
				A5FBFCEB145EFBF500B45C7B /* CoreGraphics.framework in Frameworks */,
			);
			runOnlyForDeploymentPostprocessing = 0;
		};
/* End PBXFrameworksBuildPhase section */

/* Begin PBXGroup section */
		A5115EC4148A5C33001B4493 /* BTParser */ = {
			isa = PBXGroup;
			children = (
				A52955BB14948AFF0008CDB0 /* BTBaseParser.h */,
				A52955BC14948AFF0008CDB0 /* BTBaseParser.m */,
				A52955BF1494FC570008CDB0 /* BTBoardParser.h */,
				A52955C01494FC570008CDB0 /* BTBoardParser.m */,
				A52955CB14951DBC0008CDB0 /* BTContentsParser.h */,
				A52955CC14951DBC0008CDB0 /* BTContentsParser.m */,
				A539FFCA149F3D3B00B5DB9D /* BTCommentParser.h */,
				A539FFCB149F3D3B00B5DB9D /* BTCommentParser.m */,
				A57A251D146F15010091DE45 /* BestizParser.h */,
				A57A251E146F15010091DE45 /* BestizParser.m */,
			);
			name = BTParser;
			sourceTree = "<group>";
		};
		A5115EC5148CA789001B4493 /* BTRequester */ = {
			isa = PBXGroup;
			children = (
				A5115EC6148CA7C3001B4493 /* BTRequester.h */,
				A5115EC7148CA7C3001B4493 /* BTRequester.m */,
				A5115EEC148CA92A001B4493 /* BTRequesterDelegate.h */,
			);
			name = BTRequester;
			sourceTree = "<group>";
		};
		A5115EC9148CA80D001B4493 /* ASIHttpRequest */ = {
			isa = PBXGroup;
			children = (
				A5115ECA148CA80D001B4493 /* ASIAuthenticationDialog.h */,
				A5115ECB148CA80D001B4493 /* ASIAuthenticationDialog.m */,
				A5115ECC148CA80D001B4493 /* ASICacheDelegate.h */,
				A5115ECD148CA80D001B4493 /* ASIDataCompressor.h */,
				A5115ECE148CA80D001B4493 /* ASIDataCompressor.m */,
				A5115ECF148CA80D001B4493 /* ASIDataDecompressor.h */,
				A5115ED0148CA80D001B4493 /* ASIDataDecompressor.m */,
				A5115ED1148CA80D001B4493 /* ASIDownloadCache.h */,
				A5115ED2148CA80D001B4493 /* ASIDownloadCache.m */,
				A5115ED3148CA80D001B4493 /* ASIFormDataRequest.h */,
				A5115ED4148CA80D001B4493 /* ASIFormDataRequest.m */,
				A5115ED5148CA80D001B4493 /* ASIHTTPRequest.h */,
				A5115ED6148CA80D001B4493 /* ASIHTTPRequest.m */,
				A5115ED7148CA80D001B4493 /* ASIHttpRequest_Extension.h */,
				A5115ED8148CA80D001B4493 /* ASIHttpRequest_Extension.m */,
				A5115ED9148CA80D001B4493 /* ASIHTTPRequestConfig.h */,
				A5115EDA148CA80D001B4493 /* ASIHTTPRequestDelegate.h */,
				A5115EDB148CA80D001B4493 /* ASIInputStream.h */,
				A5115EDC148CA80D001B4493 /* ASIInputStream.m */,
				A5115EDD148CA80D001B4493 /* ASINetworkQueue.h */,
				A5115EDE148CA80D001B4493 /* ASINetworkQueue.m */,
				A5115EDF148CA80D001B4493 /* ASIProgressDelegate.h */,
				A5115EE0148CA80D001B4493 /* Reachability.h */,
				A5115EE1148CA80D001B4493 /* Reachability.m */,
			);
			path = ASIHttpRequest;
			sourceTree = "<group>";
		};
		A5607A4F14AC139900BAC98C /* Main */ = {
			isa = PBXGroup;
			children = (
				A5FBFCF5145EFBF500B45C7B /* AppDelegate.h */,
				A5FBFCF6145EFBF500B45C7B /* AppDelegate.m */,
				A59FDCBE1472CB8900AA6F23 /* BTBaseViewController.h */,
				A59FDCBF1472CB8900AA6F23 /* BTBaseViewController.m */,
				A539FFCD149F72E300B5DB9D /* BTListViewController.h */,
				A539FFCE149F72E400B5DB9D /* BTListViewController.m */,
			);
			name = Main;
			sourceTree = "<group>";
		};
		A5607A5014AC13B100BAC98C /* Board */ = {
			isa = PBXGroup;
			children = (
				A539FFD3149F739100B5DB9D /* BTMainTableViewController.h */,
				A539FFD4149F739100B5DB9D /* BTMainTableViewController.m */,
				A539FFD5149F739200B5DB9D /* BTMainTableViewController.xib */,
				A54BEC7E14A0ED2C006BACD5 /* BTBoardListViewController.h */,
				A54BEC7F14A0ED2C006BACD5 /* BTBoardListViewController.m */,
				A54BEC8014A0ED2C006BACD5 /* BTBoardListViewController.xib */,
				A5607A4C14AC137F00BAC98C /* BTBoardCell.h */,
				A5607A4D14AC137F00BAC98C /* BTBoardCell.m */,
			);
			name = Board;
			sourceTree = "<group>";
		};
		A5607A5114AC13C900BAC98C /* Contents */ = {
			isa = PBXGroup;
			children = (
				A5267A8614A1BC6300453DB3 /* BTContentsViewController.h */,
				A5267A8714A1BC6300453DB3 /* BTContentsViewController.m */,
				A5267A8814A1BC6300453DB3 /* BTContentsViewController.xib */,
				A5607A4814AC135F00BAC98C /* BTCommentCell.h */,
				A5607A4914AC135F00BAC98C /* BTCommentCell.m */,
				A5B4224B14ACB62100B69432 /* BTContentsWebViewController.h */,
				A5B4224C14ACB62100B69432 /* BTContentsWebViewController.m */,
				A5B4224D14ACB62100B69432 /* BTContentsWebViewController.xib */,
			);
			name = Contents;
			sourceTree = "<group>";
		};
		A593A019147F284B007D68FD /* BTUtil */ = {
			isa = PBXGroup;
			children = (
				A5DC87A81460956600BA91A5 /* BTBoardIndex.h */,
				A5DC87A91460956600BA91A5 /* BTBoardIndex.m */,
				A5115EC9148CA80D001B4493 /* ASIHttpRequest */,
				A5FBFD0F145EFC0500B45C7B /* HTMLParser */,
			);
			name = BTUtil;
			sourceTree = "<group>";
		};
		A593A01B147F2869007D68FD /* BTModel */ = {
			isa = PBXGroup;
			children = (
				A5115EA2148A01C3001B4493 /* BTBaseModel.h */,
				A5115EA3148A01C3001B4493 /* BTBaseModel.m */,
				A5115EA6148A01F0001B4493 /* BTRequestableModel.h */,
				A5115EA7148A01F1001B4493 /* BTRequestableModel.m */,
				A593A01C147F2C4E007D68FD /* BTBoard.h */,
				A593A01D147F2C4E007D68FD /* BTBoard.m */,
				A5115EA9148A02DE001B4493 /* BTContents.h */,
				A5115EAA148A02DE001B4493 /* BTContents.m */,
				A539FFC3149F251300B5DB9D /* BTComment.h */,
				A539FFC4149F251300B5DB9D /* BTComment.m */,
				A52955CA149511880008CDB0 /* BTKeyForModel.h */,
			);
			name = BTModel;
			sourceTree = "<group>";
		};
		A5FBFCD7145EFBF400B45C7B = {
			isa = PBXGroup;
			children = (
				A52955C814950F980008CDB0 /* libz.1.2.5.dylib */,
				A52955C614950F850008CDB0 /* MobileCoreServices.framework */,
				A52955C414950F730008CDB0 /* SystemConfiguration.framework */,
				A52955C214950F6B0008CDB0 /* CFNetwork.framework */,
				A5FBFCEC145EFBF500B45C7B /* Bestiz */,
				A5FBFCE5145EFBF500B45C7B /* Frameworks */,
				A5FBFCE3145EFBF500B45C7B /* Products */,
			);
			sourceTree = "<group>";
		};
		A5FBFCE3145EFBF500B45C7B /* Products */ = {
			isa = PBXGroup;
			children = (
				A5FBFCE2145EFBF500B45C7B /* Bestiz.app */,
			);
			name = Products;
			sourceTree = "<group>";
		};
		A5FBFCE5145EFBF500B45C7B /* Frameworks */ = {
			isa = PBXGroup;
			children = (
				A5FBFCE6145EFBF500B45C7B /* UIKit.framework */,
				A5FBFCE8145EFBF500B45C7B /* Foundation.framework */,
				A5FBFCEA145EFBF500B45C7B /* CoreGraphics.framework */,
			);
			name = Frameworks;
			sourceTree = "<group>";
		};
		A5FBFCEC145EFBF500B45C7B /* Bestiz */ = {
			isa = PBXGroup;
			children = (
				A5115EC4148A5C33001B4493 /* BTParser */,
				A5115EC5148CA789001B4493 /* BTRequester */,
				A593A01B147F2869007D68FD /* BTModel */,
				A593A019147F284B007D68FD /* BTUtil */,
				A5607A4F14AC139900BAC98C /* Main */,
				A5607A5014AC13B100BAC98C /* Board */,
				A5607A5114AC13C900BAC98C /* Contents */,
				A5FBFCED145EFBF500B45C7B /* Supporting Files */,
			);
			path = Bestiz;
			sourceTree = "<group>";
		};
		A5FBFCED145EFBF500B45C7B /* Supporting Files */ = {
			isa = PBXGroup;
			children = (
				A5FBFCEE145EFBF500B45C7B /* Bestiz-Info.plist */,
				A5FBFCEF145EFBF500B45C7B /* InfoPlist.strings */,
				A5FBFCF2145EFBF500B45C7B /* main.m */,
				A5FBFCF4145EFBF500B45C7B /* Bestiz-Prefix.pch */,
				A521C59F14B4B1440034AEA7 /* css.html */,
			);
			name = "Supporting Files";
			sourceTree = "<group>";
		};
		A5FBFD0F145EFC0500B45C7B /* HTMLParser */ = {
			isa = PBXGroup;
			children = (
				A5FBFD10145EFC1C00B45C7B /* HTMLNode.h */,
				A5FBFD11145EFC1C00B45C7B /* HTMLNode.m */,
				A5FBFD12145EFC1C00B45C7B /* HTMLParser.h */,
				A5FBFD13145EFC1C00B45C7B /* HTMLParser.m */,
			);
			name = HTMLParser;
			sourceTree = "<group>";
		};
/* End PBXGroup section */

/* Begin PBXNativeTarget section */
		A5FBFCE1145EFBF500B45C7B /* Bestiz */ = {
			isa = PBXNativeTarget;
			buildConfigurationList = A5FBFD0C145EFBF500B45C7B /* Build configuration list for PBXNativeTarget "Bestiz" */;
			buildPhases = (
				A5FBFCDE145EFBF500B45C7B /* Sources */,
				A5FBFCDF145EFBF500B45C7B /* Frameworks */,
				A5FBFCE0145EFBF500B45C7B /* Resources */,
			);
			buildRules = (
			);
			dependencies = (
			);
			name = Bestiz;
			productName = Bestiz;
			productReference = A5FBFCE2145EFBF500B45C7B /* Bestiz.app */;
			productType = "com.apple.product-type.application";
		};
/* End PBXNativeTarget section */

/* Begin PBXProject section */
		A5FBFCD9145EFBF400B45C7B /* Project object */ = {
			isa = PBXProject;
			attributes = {
				LastUpgradeCheck = 0420;
			};
			buildConfigurationList = A5FBFCDC145EFBF400B45C7B /* Build configuration list for PBXProject "Bestiz" */;
			compatibilityVersion = "Xcode 3.2";
			developmentRegion = English;
			hasScannedForEncodings = 0;
			knownRegions = (
				en,
			);
			mainGroup = A5FBFCD7145EFBF400B45C7B;
			productRefGroup = A5FBFCE3145EFBF500B45C7B /* Products */;
			projectDirPath = "";
			projectRoot = "";
			targets = (
				A5FBFCE1145EFBF500B45C7B /* Bestiz */,
			);
		};
/* End PBXProject section */

/* Begin PBXResourcesBuildPhase section */
		A5FBFCE0145EFBF500B45C7B /* Resources */ = {
			isa = PBXResourcesBuildPhase;
			buildActionMask = 2147483647;
			files = (
				A5FBFCF1145EFBF500B45C7B /* InfoPlist.strings in Resources */,
				A539FFD7149F739300B5DB9D /* BTMainTableViewController.xib in Resources */,
				A54BEC8214A0ED2D006BACD5 /* BTBoardListViewController.xib in Resources */,
				A5267A8A14A1BC6300453DB3 /* BTContentsViewController.xib in Resources */,
				A5B4224F14ACB62100B69432 /* BTContentsWebViewController.xib in Resources */,
				A521C5A014B4B1440034AEA7 /* css.html in Resources */,
			);
			runOnlyForDeploymentPostprocessing = 0;
		};
/* End PBXResourcesBuildPhase section */

/* Begin PBXSourcesBuildPhase section */
		A5FBFCDE145EFBF500B45C7B /* Sources */ = {
			isa = PBXSourcesBuildPhase;
			buildActionMask = 2147483647;
			files = (
				A5FBFCF3145EFBF500B45C7B /* main.m in Sources */,
				A5FBFCF7145EFBF500B45C7B /* AppDelegate.m in Sources */,
				A5FBFD14145EFC1C00B45C7B /* HTMLNode.m in Sources */,
				A5FBFD15145EFC1C00B45C7B /* HTMLParser.m in Sources */,
				A5DC87AA1460956700BA91A5 /* BTBoardIndex.m in Sources */,
				A57A251F146F15010091DE45 /* BestizParser.m in Sources */,
				A59FDCC11472CB8900AA6F23 /* BTBaseViewController.m in Sources */,
				A593A01E147F2C4E007D68FD /* BTBoard.m in Sources */,
				A5115EA4148A01C3001B4493 /* BTBaseModel.m in Sources */,
				A5115EA8148A01F1001B4493 /* BTRequestableModel.m in Sources */,
				A5115EAB148A02DE001B4493 /* BTContents.m in Sources */,
				A5115EC8148CA7C3001B4493 /* BTRequester.m in Sources */,
				A5115EE2148CA80D001B4493 /* ASIAuthenticationDialog.m in Sources */,
				A5115EE3148CA80D001B4493 /* ASIDataCompressor.m in Sources */,
				A5115EE4148CA80D001B4493 /* ASIDataDecompressor.m in Sources */,
				A5115EE5148CA80D001B4493 /* ASIDownloadCache.m in Sources */,
				A5115EE6148CA80D001B4493 /* ASIFormDataRequest.m in Sources */,
				A5115EE7148CA80D001B4493 /* ASIHTTPRequest.m in Sources */,
				A5115EE8148CA80D001B4493 /* ASIHttpRequest_Extension.m in Sources */,
				A5115EE9148CA80D001B4493 /* ASIInputStream.m in Sources */,
				A5115EEA148CA80D001B4493 /* ASINetworkQueue.m in Sources */,
				A5115EEB148CA80D001B4493 /* Reachability.m in Sources */,
				A52955BD14948AFF0008CDB0 /* BTBaseParser.m in Sources */,
				A52955C11494FC570008CDB0 /* BTBoardParser.m in Sources */,
				A52955CD14951DBC0008CDB0 /* BTContentsParser.m in Sources */,
				A539FFC5149F251300B5DB9D /* BTComment.m in Sources */,
				A539FFCC149F3D3B00B5DB9D /* BTCommentParser.m in Sources */,
				A539FFCF149F72E500B5DB9D /* BTListViewController.m in Sources */,
				A539FFD6149F739300B5DB9D /* BTMainTableViewController.m in Sources */,
				A54BEC8114A0ED2D006BACD5 /* BTBoardListViewController.m in Sources */,
				A5267A8914A1BC6300453DB3 /* BTContentsViewController.m in Sources */,
				A5607A4A14AC135F00BAC98C /* BTCommentCell.m in Sources */,
				A5607A4E14AC137F00BAC98C /* BTBoardCell.m in Sources */,
				A5B4224E14ACB62100B69432 /* BTContentsWebViewController.m in Sources */,
			);
			runOnlyForDeploymentPostprocessing = 0;
		};
/* End PBXSourcesBuildPhase section */

/* Begin PBXVariantGroup section */
		A5FBFCEF145EFBF500B45C7B /* InfoPlist.strings */ = {
			isa = PBXVariantGroup;
			children = (
				A5FBFCF0145EFBF500B45C7B /* en */,
			);
			name = InfoPlist.strings;
			sourceTree = "<group>";
		};
/* End PBXVariantGroup section */

/* Begin XCBuildConfiguration section */
		A5FBFD0A145EFBF500B45C7B /* Debug */ = {
			isa = XCBuildConfiguration;
			buildSettings = {
				ALWAYS_SEARCH_USER_PATHS = NO;
				ARCHS = "$(ARCHS_STANDARD_32_BIT)";
				"CODE_SIGN_IDENTITY[sdk=iphoneos*]" = "iPhone Developer";
				COPY_PHASE_STRIP = NO;
				GCC_C_LANGUAGE_STANDARD = gnu99;
				GCC_DYNAMIC_NO_PIC = NO;
				GCC_OPTIMIZATION_LEVEL = 0;
				GCC_PREPROCESSOR_DEFINITIONS = (
					"DEBUG=1",
					"$(inherited)",
				);
				GCC_SYMBOLS_PRIVATE_EXTERN = NO;
				GCC_VERSION = com.apple.compilers.llvm.clang.1_0;
				GCC_WARN_ABOUT_MISSING_PROTOTYPES = YES;
				GCC_WARN_ABOUT_RETURN_TYPE = YES;
				GCC_WARN_UNUSED_VARIABLE = YES;
				HEADER_SEARCH_PATHS = "${SDKROOT}/usr/include/libxml2/**";
				IPHONEOS_DEPLOYMENT_TARGET = 4.0;
				LIBRARY_SEARCH_PATHS = "";
				OTHER_LDFLAGS = "-lxml2";
				SDKROOT = iphoneos;
				TARGETED_DEVICE_FAMILY = "1,2";
			};
			name = Debug;
		};
		A5FBFD0B145EFBF500B45C7B /* Release */ = {
			isa = XCBuildConfiguration;
			buildSettings = {
				ALWAYS_SEARCH_USER_PATHS = NO;
				ARCHS = "$(ARCHS_STANDARD_32_BIT)";
				"CODE_SIGN_IDENTITY[sdk=iphoneos*]" = "iPhone Developer";
				COPY_PHASE_STRIP = YES;
				GCC_C_LANGUAGE_STANDARD = gnu99;
				GCC_VERSION = com.apple.compilers.llvm.clang.1_0;
				GCC_WARN_ABOUT_MISSING_PROTOTYPES = YES;
				GCC_WARN_ABOUT_RETURN_TYPE = YES;
				GCC_WARN_UNUSED_VARIABLE = YES;
				HEADER_SEARCH_PATHS = "${SDKROOT}/usr/include/libxml2/**";
				IPHONEOS_DEPLOYMENT_TARGET = 4.0;
				LIBRARY_SEARCH_PATHS = "";
				OTHER_CFLAGS = "-DNS_BLOCK_ASSERTIONS=1";
				OTHER_LDFLAGS = "-lxml2";
				SDKROOT = iphoneos;
				TARGETED_DEVICE_FAMILY = "1,2";
				VALIDATE_PRODUCT = YES;
			};
			name = Release;
		};
		A5FBFD0D145EFBF500B45C7B /* Debug */ = {
			isa = XCBuildConfiguration;
			buildSettings = {
				GCC_PRECOMPILE_PREFIX_HEADER = YES;
				GCC_PREFIX_HEADER = "Bestiz/Bestiz-Prefix.pch";
				HEADER_SEARCH_PATHS = "${SDKROOT}/usr/include/libxml2/**";
				INFOPLIST_FILE = "Bestiz/Bestiz-Info.plist";
				IPHONEOS_DEPLOYMENT_TARGET = 4.0;
				LIBRARY_SEARCH_PATHS = "";
				OTHER_LDFLAGS = "-lxml2";
				PRODUCT_NAME = "$(TARGET_NAME)";
				USER_HEADER_SEARCH_PATHS = "";
				WRAPPER_EXTENSION = app;
			};
			name = Debug;
		};
		A5FBFD0E145EFBF500B45C7B /* Release */ = {
			isa = XCBuildConfiguration;
			buildSettings = {
				GCC_PRECOMPILE_PREFIX_HEADER = YES;
				GCC_PREFIX_HEADER = "Bestiz/Bestiz-Prefix.pch";
				HEADER_SEARCH_PATHS = "${SDKROOT}/usr/include/libxml2/**";
				INFOPLIST_FILE = "Bestiz/Bestiz-Info.plist";
				IPHONEOS_DEPLOYMENT_TARGET = 4.0;
				LIBRARY_SEARCH_PATHS = "";
				OTHER_LDFLAGS = "-lxml2";
				PRODUCT_NAME = "$(TARGET_NAME)";
				USER_HEADER_SEARCH_PATHS = "";
				WRAPPER_EXTENSION = app;
			};
			name = Release;
		};
/* End XCBuildConfiguration section */

/* Begin XCConfigurationList section */
		A5FBFCDC145EFBF400B45C7B /* Build configuration list for PBXProject "Bestiz" */ = {
			isa = XCConfigurationList;
			buildConfigurations = (
				A5FBFD0A145EFBF500B45C7B /* Debug */,
				A5FBFD0B145EFBF500B45C7B /* Release */,
			);
			defaultConfigurationIsVisible = 0;
			defaultConfigurationName = Release;
		};
		A5FBFD0C145EFBF500B45C7B /* Build configuration list for PBXNativeTarget "Bestiz" */ = {
			isa = XCConfigurationList;
			buildConfigurations = (
				A5FBFD0D145EFBF500B45C7B /* Debug */,
				A5FBFD0E145EFBF500B45C7B /* Release */,
			);
			defaultConfigurationIsVisible = 0;
			defaultConfigurationName = Release;
		};
/* End XCConfigurationList section */
	};
	rootObject = A5FBFCD9145EFBF400B45C7B /* Project object */;
}
